// !$*UTF8*$!
{
	archiveVersion = 1;
	classes = {
	};
	objectVersion = 48;
	objects = {

/* Begin PBXBuildFile section */
		7E529D0E20A04BB5006E4DB4 /* TableViewController1.swift in Sources */ = {isa = PBXBuildFile; fileRef = 7E529D0D20A04BB5006E4DB4 /* TableViewController1.swift */; };
		7E529D1020A04D1F006E4DB4 /* Helper.swift in Sources */ = {isa = PBXBuildFile; fileRef = 7E529D0F20A04D1F006E4DB4 /* Helper.swift */; };
		7E89F0FD209D5D52005CBB27 /* AppDelegate.swift in Sources */ = {isa = PBXBuildFile; fileRef = 7E89F0FC209D5D52005CBB27 /* AppDelegate.swift */; };
		7E89F0FF209D5D52005CBB27 /* ViewController.swift in Sources */ = {isa = PBXBuildFile; fileRef = 7E89F0FE209D5D52005CBB27 /* ViewController.swift */; };
		7E89F102209D5D52005CBB27 /* Main.storyboard in Resources */ = {isa = PBXBuildFile; fileRef = 7E89F100209D5D52005CBB27 /* Main.storyboard */; };
		7E89F105209D5D52005CBB27 /* FoodTracker.xcdatamodeld in Sources */ = {isa = PBXBuildFile; fileRef = 7E89F103209D5D52005CBB27 /* FoodTracker.xcdatamodeld */; };
		7E89F107209D5D52005CBB27 /* Assets.xcassets in Resources */ = {isa = PBXBuildFile; fileRef = 7E89F106209D5D52005CBB27 /* Assets.xcassets */; };
		7E89F10A209D5D52005CBB27 /* LaunchScreen.storyboard in Resources */ = {isa = PBXBuildFile; fileRef = 7E89F108209D5D52005CBB27 /* LaunchScreen.storyboard */; };
		7E89F112209D5F11005CBB27 /* TableViewCell.swift in Sources */ = {isa = PBXBuildFile; fileRef = 7E89F111209D5F11005CBB27 /* TableViewCell.swift */; };
		7E89F114209D5F1D005CBB27 /* TableViewController.swift in Sources */ = {isa = PBXBuildFile; fileRef = 7E89F113209D5F1D005CBB27 /* TableViewController.swift */; };
		7E89F116209D5F8B005CBB27 /* Student.swift in Sources */ = {isa = PBXBuildFile; fileRef = 7E89F115209D5F8B005CBB27 /* Student.swift */; };
/* End PBXBuildFile section */

/* Begin PBXFileReference section */
		7E529D0D20A04BB5006E4DB4 /* TableViewController1.swift */ = {isa = PBXFileReference; lastKnownFileType = sourcecode.swift; path = TableViewController1.swift; sourceTree = "<group>"; };
		7E529D0F20A04D1F006E4DB4 /* Helper.swift */ = {isa = PBXFileReference; lastKnownFileType = sourcecode.swift; path = Helper.swift; sourceTree = "<group>"; };
		7E89F0F9209D5D52005CBB27 /* FoodTracker.app */ = {isa = PBXFileReference; explicitFileType = wrapper.application; includeInIndex = 0; path = FoodTracker.app; sourceTree = BUILT_PRODUCTS_DIR; };
		7E89F0FC209D5D52005CBB27 /* AppDelegate.swift */ = {isa = PBXFileReference; lastKnownFileType = sourcecode.swift; path = AppDelegate.swift; sourceTree = "<group>"; };
		7E89F0FE209D5D52005CBB27 /* ViewController.swift */ = {isa = PBXFileReference; lastKnownFileType = sourcecode.swift; path = ViewController.swift; sourceTree = "<group>"; };
		7E89F101209D5D52005CBB27 /* Base */ = {isa = PBXFileReference; lastKnownFileType = file.storyboard; name = Base; path = Base.lproj/Main.storyboard; sourceTree = "<group>"; };
		7E89F104209D5D52005CBB27 /* FoodTracker.xcdatamodel */ = {isa = PBXFileReference; lastKnownFileType = wrapper.xcdatamodel; path = FoodTracker.xcdatamodel; sourceTree = "<group>"; };
		7E89F106209D5D52005CBB27 /* Assets.xcassets */ = {isa = PBXFileReference; lastKnownFileType = folder.assetcatalog; path = Assets.xcassets; sourceTree = "<group>"; };
		7E89F109209D5D52005CBB27 /* Base */ = {isa = PBXFileReference; lastKnownFileType = file.storyboard; name = Base; path = Base.lproj/LaunchScreen.storyboard; sourceTree = "<group>"; };
		7E89F10B209D5D52005CBB27 /* Info.plist */ = {isa = PBXFileReference; lastKnownFileType = text.plist.xml; path = Info.plist; sourceTree = "<group>"; };
		7E89F111209D5F11005CBB27 /* TableViewCell.swift */ = {isa = PBXFileReference; lastKnownFileType = sourcecode.swift; path = TableViewCell.swift; sourceTree = "<group>"; };
		7E89F113209D5F1D005CBB27 /* TableViewController.swift */ = {isa = PBXFileReference; lastKnownFileType = sourcecode.swift; path = TableViewController.swift; sourceTree = "<group>"; };
		7E89F115209D5F8B005CBB27 /* Student.swift */ = {isa = PBXFileReference; lastKnownFileType = sourcecode.swift; path = Student.swift; sourceTree = "<group>"; };
/* End PBXFileReference section */

/* Begin PBXFrameworksBuildPhase section */
		7E89F0F6209D5D51005CBB27 /* Frameworks */ = {
			isa = PBXFrameworksBuildPhase;
			buildActionMask = 2147483647;
			files = (
			);
			runOnlyForDeploymentPostprocessing = 0;
		};
/* End PBXFrameworksBuildPhase section */

/* Begin PBXGroup section */
		7E89F0F0209D5D51005CBB27 = {
			isa = PBXGroup;
			children = (
				7E89F0FB209D5D52005CBB27 /* FoodTracker */,
				7E89F0FA209D5D52005CBB27 /* Products */,
			);
			sourceTree = "<group>";
		};
		7E89F0FA209D5D52005CBB27 /* Products */ = {
			isa = PBXGroup;
			children = (
				7E89F0F9209D5D52005CBB27 /* FoodTracker.app */,
			);
			name = Products;
			sourceTree = "<group>";
		};
		7E89F0FB209D5D52005CBB27 /* FoodTracker */ = {
			isa = PBXGroup;
			children = (
				7E89F0FC209D5D52005CBB27 /* AppDelegate.swift */,
				7E89F0FE209D5D52005CBB27 /* ViewController.swift */,
				7E89F111209D5F11005CBB27 /* TableViewCell.swift */,
				7E89F113209D5F1D005CBB27 /* TableViewController.swift */,
				7E529D0D20A04BB5006E4DB4 /* TableViewController1.swift */,
				7E89F115209D5F8B005CBB27 /* Student.swift */,
				7E529D0F20A04D1F006E4DB4 /* Helper.swift */,
				7E89F100209D5D52005CBB27 /* Main.storyboard */,
				7E89F106209D5D52005CBB27 /* Assets.xcassets */,
				7E89F108209D5D52005CBB27 /* LaunchScreen.storyboard */,
				7E89F10B209D5D52005CBB27 /* Info.plist */,
				7E89F103209D5D52005CBB27 /* FoodTracker.xcdatamodeld */,
			);
			path = FoodTracker;
			sourceTree = "<group>";
		};
/* End PBXGroup section */

/* Begin PBXNativeTarget section */
		7E89F0F8209D5D51005CBB27 /* FoodTracker */ = {
			isa = PBXNativeTarget;
			buildConfigurationList = 7E89F10E209D5D52005CBB27 /* Build configuration list for PBXNativeTarget "FoodTracker" */;
			buildPhases = (
				7E89F0F5209D5D51005CBB27 /* Sources */,
				7E89F0F6209D5D51005CBB27 /* Frameworks */,
				7E89F0F7209D5D51005CBB27 /* Resources */,
			);
			buildRules = (
			);
			dependencies = (
			);
			name = FoodTracker;
			productName = FoodTracker;
			productReference = 7E89F0F9209D5D52005CBB27 /* FoodTracker.app */;
			productType = "com.apple.product-type.application";
		};
/* End PBXNativeTarget section */

/* Begin PBXProject section */
		7E89F0F1209D5D51005CBB27 /* Project object */ = {
			isa = PBXProject;
			attributes = {
				LastSwiftUpdateCheck = 0920;
				LastUpgradeCheck = 0920;
				ORGANIZATIONNAME = KuAnh;
				TargetAttributes = {
					7E89F0F8209D5D51005CBB27 = {
						CreatedOnToolsVersion = 9.2;
						ProvisioningStyle = Automatic;
					};
				};
			};
			buildConfigurationList = 7E89F0F4209D5D51005CBB27 /* Build configuration list for PBXProject "FoodTracker" */;
			compatibilityVersion = "Xcode 8.0";
			developmentRegion = en;
			hasScannedForEncodings = 0;
			knownRegions = (
				en,
				Base,
			);
			mainGroup = 7E89F0F0209D5D51005CBB27;
			productRefGroup = 7E89F0FA209D5D52005CBB27 /* Products */;
			projectDirPath = "";
			projectRoot = "";
			targets = (
				7E89F0F8209D5D51005CBB27 /* FoodTracker */,
			);
		};
/* End PBXProject section */

/* Begin PBXResourcesBuildPhase section */
		7E89F0F7209D5D51005CBB27 /* Resources */ = {
			isa = PBXResourcesBuildPhase;
			buildActionMask = 2147483647;
			files = (
				7E89F10A209D5D52005CBB27 /* LaunchScreen.storyboard in Resources */,
				7E89F107209D5D52005CBB27 /* Assets.xcassets in Resources */,
				7E89F102209D5D52005CBB27 /* Main.storyboard in Resources */,
			);
			runOnlyForDeploymentPostprocessing = 0;
		};
/* End PBXResourcesBuildPhase section */

/* Begin PBXSourcesBuildPhase section */
		7E89F0F5209D5D51005CBB27 /* Sources */ = {
			isa = PBXSourcesBuildPhase;
			buildActionMask = 2147483647;
			files = (
				7E529D0E20A04BB5006E4DB4 /* TableViewController1.swift in Sources */,
				7E89F0FF209D5D52005CBB27 /* ViewController.swift in Sources */,
				7E89F116209D5F8B005CBB27 /* Student.swift in Sources */,
				7E89F112209D5F11005CBB27 /* TableViewCell.swift in Sources */,
				7E89F0FD209D5D52005CBB27 /* AppDelegate.swift in Sources */,
				7E89F114209D5F1D005CBB27 /* TableViewController.swift in Sources */,
				7E89F105209D5D52005CBB27 /* FoodTracker.xcdatamodeld in Sources */,
				7E529D1020A04D1F006E4DB4 /* Helper.swift in Sources */,
			);
			runOnlyForDeploymentPostprocessing = 0;
		};
/* End PBXSourcesBuildPhase section */

/* Begin PBXVariantGroup section */
		7E89F100209D5D52005CBB27 /* Main.storyboard */ = {
			isa = PBXVariantGroup;
			children = (
				7E89F101209D5D52005CBB27 /* Base */,
			);
			name = Main.storyboard;
			sourceTree = "<group>";
		};
		7E89F108209D5D52005CBB27 /* LaunchScreen.storyboard */ = {
			isa = PBXVariantGroup;
			children = (
				7E89F109209D5D52005CBB27 /* Base */,
			);
			name = LaunchScreen.storyboard;
			sourceTree = "<group>";
		};
/* End PBXVariantGroup section */

/* Begin XCBuildConfiguration section */
		7E89F10C209D5D52005CBB27 /* Debug */ = {
			isa = XCBuildConfiguration;
			buildSettings = {
				ALWAYS_SEARCH_USER_PATHS = NO;
				CLANG_ANALYZER_NONNULL = YES;
				CLANG_ANALYZER_NUMBER_OBJECT_CONVERSION = YES_AGGRESSIVE;
				CLANG_CXX_LANGUAGE_STANDARD = "gnu++14";
				CLANG_CXX_LIBRARY = "libc++";
				CLANG_ENABLE_MODULES = YES;
				CLANG_ENABLE_OBJC_ARC = YES;
				CLANG_WARN_BLOCK_CAPTURE_AUTORELEASING = YES;
				CLANG_WARN_BOOL_CONVERSION = YES;
				CLANG_WARN_COMMA = YES;
				CLANG_WARN_CONSTANT_CONVERSION = YES;
				CLANG_WARN_DIRECT_OBJC_ISA_USAGE = YES_ERROR;
				CLANG_WARN_DOCUMENTATION_COMMENTS = YES;
				CLANG_WARN_EMPTY_BODY = YES;
				CLANG_WARN_ENUM_CONVERSION = YES;
				CLANG_WARN_INFINITE_RECURSION = YES;
				CLANG_WARN_INT_CONVERSION = YES;
				CLANG_WARN_NON_LITERAL_NULL_CONVERSION = YES;
				CLANG_WARN_OBJC_LITERAL_CONVERSION = YES;
				CLANG_WARN_OBJC_ROOT_CLASS = YES_ERROR;
				CLANG_WARN_RANGE_LOOP_ANALYSIS = YES;
				CLANG_WARN_STRICT_PROTOTYPES = YES;
				CLANG_WARN_SUSPICIOUS_MOVE = YES;
				CLANG_WARN_UNGUARDED_AVAILABILITY = YES_AGGRESSIVE;
				CLANG_WARN_UNREACHABLE_CODE = YES;
				CLANG_WARN__DUPLICATE_METHOD_MATCH = YES;
				CODE_SIGN_IDENTITY = "iPhone Developer";
				COPY_PHASE_STRIP = NO;
				DEBUG_INFORMATION_FORMAT = dwarf;
				ENABLE_STRICT_OBJC_MSGSEND = YES;
				ENABLE_TESTABILITY = YES;
				GCC_C_LANGUAGE_STANDARD = gnu11;
				GCC_DYNAMIC_NO_PIC = NO;
				GCC_NO_COMMON_BLOCKS = YES;
				GCC_OPTIMIZATION_LEVEL = 0;
				GCC_PREPROCESSOR_DEFINITIONS = (
					"DEBUG=1",
					"$(inherited)",
				);
				GCC_WARN_64_TO_32_BIT_CONVERSION = YES;
				GCC_WARN_ABOUT_RETURN_TYPE = YES_ERROR;
				GCC_WARN_UNDECLARED_SELECTOR = YES;
				GCC_WARN_UNINITIALIZED_AUTOS = YES_AGGRESSIVE;
				GCC_WARN_UNUSED_FUNCTION = YES;
				GCC_WARN_UNUSED_VARIABLE = YES;
				IPHONEOS_DEPLOYMENT_TARGET = 11.2;
				MTL_ENABLE_DEBUG_INFO = YES;
				ONLY_ACTIVE_ARCH = YES;
				SDKROOT = iphoneos;
				SWIFT_ACTIVE_COMPILATION_CONDITIONS = DEBUG;
				SWIFT_OPTIMIZATION_LEVEL = "-Onone";
			};
			name = Debug;
		};
		7E89F10D209D5D52005CBB27 /* Release */ = {
			isa = XCBuildConfiguration;
			buildSettings = {
				ALWAYS_SEARCH_USER_PATHS = NO;
				CLANG_ANALYZER_NONNULL = YES;
				CLANG_ANALYZER_NUMBER_OBJECT_CONVERSION = YES_AGGRESSIVE;
				CLANG_CXX_LANGUAGE_STANDARD = "gnu++14";
				CLANG_CXX_LIBRARY = "libc++";
				CLANG_ENABLE_MODULES = YES;
				CLANG_ENABLE_OBJC_ARC = YES;
				CLANG_WARN_BLOCK_CAPTURE_AUTORELEASING = YES;
				CLANG_WARN_BOOL_CONVERSION = YES;
				CLANG_WARN_COMMA = YES;
				CLANG_WARN_CONSTANT_CONVERSION = YES;
				CLANG_WARN_DIRECT_OBJC_ISA_USAGE = YES_ERROR;
				CLANG_WARN_DOCUMENTATION_COMMENTS = YES;
				CLANG_WARN_EMPTY_BODY = YES;
				CLANG_WARN_ENUM_CONVERSION = YES;
				CLANG_WARN_INFINITE_RECURSION = YES;
				CLANG_WARN_INT_CONVERSION = YES;
				CLANG_WARN_NON_LITERAL_NULL_CONVERSION = YES;
				CLANG_WARN_OBJC_LITERAL_CONVERSION = YES;
				CLANG_WARN_OBJC_ROOT_CLASS = YES_ERROR;
				CLANG_WARN_RANGE_LOOP_ANALYSIS = YES;
				CLANG_WARN_STRICT_PROTOTYPES = YES;
				CLANG_WARN_SUSPICIOUS_MOVE = YES;
				CLANG_WARN_UNGUARDED_AVAILABILITY = YES_AGGRESSIVE;
				CLANG_WARN_UNREACHABLE_CODE = YES;
				CLANG_WARN__DUPLICATE_METHOD_MATCH = YES;
				CODE_SIGN_IDENTITY = "iPhone Developer";
				COPY_PHASE_STRIP = NO;
				DEBUG_INFORMATION_FORMAT = "dwarf-with-dsym";
				ENABLE_NS_ASSERTIONS = NO;
				ENABLE_STRICT_OBJC_MSGSEND = YES;
				GCC_C_LANGUAGE_STANDARD = gnu11;
				GCC_NO_COMMON_BLOCKS = YES;
				GCC_WARN_64_TO_32_BIT_CONVERSION = YES;
				GCC_WARN_ABOUT_RETURN_TYPE = YES_ERROR;
				GCC_WARN_UNDECLARED_SELECTOR = YES;
				GCC_WARN_UNINITIALIZED_AUTOS = YES_AGGRESSIVE;
				GCC_WARN_UNUSED_FUNCTION = YES;
				GCC_WARN_UNUSED_VARIABLE = YES;
				IPHONEOS_DEPLOYMENT_TARGET = 11.2;
				MTL_ENABLE_DEBUG_INFO = NO;
				SDKROOT = iphoneos;
				SWIFT_OPTIMIZATION_LEVEL = "-Owholemodule";
				VALIDATE_PRODUCT = YES;
			};
			name = Release;
		};
		7E89F10F209D5D52005CBB27 /* Debug */ = {
			isa = XCBuildConfiguration;
			buildSettings = {
				ASSETCATALOG_COMPILER_APPICON_NAME = AppIcon;
				CODE_SIGN_STYLE = Automatic;
				INFOPLIST_FILE = FoodTracker/Info.plist;
				LD_RUNPATH_SEARCH_PATHS = "$(inherited) @executable_path/Frameworks";
				PRODUCT_BUNDLE_IDENTIFIER = com.example.FoodTracker;
				PRODUCT_NAME = "$(TARGET_NAME)";
				SWIFT_VERSION = 4.0;
				TARGETED_DEVICE_FAMILY = "1,2";
			};
			name = Debug;
		};
		7E89F110209D5D52005CBB27 /* Release */ = {
			isa = XCBuildConfiguration;
			buildSettings = {
				ASSETCATALOG_COMPILER_APPICON_NAME = AppIcon;
				CODE_SIGN_STYLE = Automatic;
				INFOPLIST_FILE = FoodTracker/Info.plist;
				LD_RUNPATH_SEARCH_PATHS = "$(inherited) @executable_path/Frameworks";
				PRODUCT_BUNDLE_IDENTIFIER = com.example.FoodTracker;
				PRODUCT_NAME = "$(TARGET_NAME)";
				SWIFT_VERSION = 4.0;
				TARGETED_DEVICE_FAMILY = "1,2";
			};
			name = Release;
		};
/* End XCBuildConfiguration section */

/* Begin XCConfigurationList section */
		7E89F0F4209D5D51005CBB27 /* Build configuration list for PBXProject "FoodTracker" */ = {
			isa = XCConfigurationList;
			buildConfigurations = (
				7E89F10C209D5D52005CBB27 /* Debug */,
				7E89F10D209D5D52005CBB27 /* Release */,
			);
			defaultConfigurationIsVisible = 0;
			defaultConfigurationName = Release;
		};
		7E89F10E209D5D52005CBB27 /* Build configuration list for PBXNativeTarget "FoodTracker" */ = {
			isa = XCConfigurationList;
			buildConfigurations = (
				7E89F10F209D5D52005CBB27 /* Debug */,
				7E89F110209D5D52005CBB27 /* Release */,
			);
			defaultConfigurationIsVisible = 0;
			defaultConfigurationName = Release;
		};
/* End XCConfigurationList section */

/* Begin XCVersionGroup section */
		7E89F103209D5D52005CBB27 /* FoodTracker.xcdatamodeld */ = {
			isa = XCVersionGroup;
			children = (
				7E89F104209D5D52005CBB27 /* FoodTracker.xcdatamodel */,
			);
			currentVersion = 7E89F104209D5D52005CBB27 /* FoodTracker.xcdatamodel */;
			path = FoodTracker.xcdatamodeld;
			sourceTree = "<group>";
			versionGroupType = wrapper.xcdatamodel;
		};
/* End XCVersionGroup section */
	};
	rootObject = 7E89F0F1209D5D51005CBB27 /* Project object */;
}
