// !$*UTF8*$!
{
	archiveVersion = 1;
	classes = {
	};
	objectVersion = 48;
	objects = {

/* Begin PBXBuildFile section */
		7EA42BEF1F91BA9D0095AE8C /* AppDelegate.swift in Sources */ = {isa = PBXBuildFile; fileRef = 7EA42BEE1F91BA9D0095AE8C /* AppDelegate.swift */; };
		7EA42BF11F91BA9D0095AE8C /* ViewController.swift in Sources */ = {isa = PBXBuildFile; fileRef = 7EA42BF01F91BA9D0095AE8C /* ViewController.swift */; };
		7EA42BF41F91BA9D0095AE8C /* Main.storyboard in Resources */ = {isa = PBXBuildFile; fileRef = 7EA42BF21F91BA9D0095AE8C /* Main.storyboard */; };
		7EA42BF61F91BA9D0095AE8C /* Assets.xcassets in Resources */ = {isa = PBXBuildFile; fileRef = 7EA42BF51F91BA9D0095AE8C /* Assets.xcassets */; };
		7EA42BF91F91BA9D0095AE8C /* LaunchScreen.storyboard in Resources */ = {isa = PBXBuildFile; fileRef = 7EA42BF71F91BA9D0095AE8C /* LaunchScreen.storyboard */; };
		7EA42C011F91BB150095AE8C /* MyDataSource.swift in Sources */ = {isa = PBXBuildFile; fileRef = 7EA42C001F91BB150095AE8C /* MyDataSource.swift */; };
/* End PBXBuildFile section */

/* Begin PBXFileReference section */
		7EA42BEB1F91BA9D0095AE8C /* DemoDelegateDataSource.app */ = {isa = PBXFileReference; explicitFileType = wrapper.application; includeInIndex = 0; path = DemoDelegateDataSource.app; sourceTree = BUILT_PRODUCTS_DIR; };
		7EA42BEE1F91BA9D0095AE8C /* AppDelegate.swift */ = {isa = PBXFileReference; lastKnownFileType = sourcecode.swift; path = AppDelegate.swift; sourceTree = "<group>"; };
		7EA42BF01F91BA9D0095AE8C /* ViewController.swift */ = {isa = PBXFileReference; lastKnownFileType = sourcecode.swift; path = ViewController.swift; sourceTree = "<group>"; };
		7EA42BF31F91BA9D0095AE8C /* Base */ = {isa = PBXFileReference; lastKnownFileType = file.storyboard; name = Base; path = Base.lproj/Main.storyboard; sourceTree = "<group>"; };
		7EA42BF51F91BA9D0095AE8C /* Assets.xcassets */ = {isa = PBXFileReference; lastKnownFileType = folder.assetcatalog; path = Assets.xcassets; sourceTree = "<group>"; };
		7EA42BF81F91BA9D0095AE8C /* Base */ = {isa = PBXFileReference; lastKnownFileType = file.storyboard; name = Base; path = Base.lproj/LaunchScreen.storyboard; sourceTree = "<group>"; };
		7EA42BFA1F91BA9D0095AE8C /* Info.plist */ = {isa = PBXFileReference; lastKnownFileType = text.plist.xml; path = Info.plist; sourceTree = "<group>"; };
		7EA42C001F91BB150095AE8C /* MyDataSource.swift */ = {isa = PBXFileReference; lastKnownFileType = sourcecode.swift; path = MyDataSource.swift; sourceTree = "<group>"; };
/* End PBXFileReference section */

/* Begin PBXFrameworksBuildPhase section */
		7EA42BE81F91BA9D0095AE8C /* Frameworks */ = {
			isa = PBXFrameworksBuildPhase;
			buildActionMask = 2147483647;
			files = (
			);
			runOnlyForDeploymentPostprocessing = 0;
		};
/* End PBXFrameworksBuildPhase section */

/* Begin PBXGroup section */
		7EA42BE21F91BA9D0095AE8C = {
			isa = PBXGroup;
			children = (
				7EA42BED1F91BA9D0095AE8C /* DemoDelegateDataSource */,
				7EA42BEC1F91BA9D0095AE8C /* Products */,
			);
			sourceTree = "<group>";
		};
		7EA42BEC1F91BA9D0095AE8C /* Products */ = {
			isa = PBXGroup;
			children = (
				7EA42BEB1F91BA9D0095AE8C /* DemoDelegateDataSource.app */,
			);
			name = Products;
			sourceTree = "<group>";
		};
		7EA42BED1F91BA9D0095AE8C /* DemoDelegateDataSource */ = {
			isa = PBXGroup;
			children = (
				7EA42BEE1F91BA9D0095AE8C /* AppDelegate.swift */,
				7EA42BF01F91BA9D0095AE8C /* ViewController.swift */,
				7EA42C001F91BB150095AE8C /* MyDataSource.swift */,
				7EA42BF21F91BA9D0095AE8C /* Main.storyboard */,
				7EA42BF51F91BA9D0095AE8C /* Assets.xcassets */,
				7EA42BF71F91BA9D0095AE8C /* LaunchScreen.storyboard */,
				7EA42BFA1F91BA9D0095AE8C /* Info.plist */,
			);
			path = DemoDelegateDataSource;
			sourceTree = "<group>";
		};
/* End PBXGroup section */

/* Begin PBXNativeTarget section */
		7EA42BEA1F91BA9D0095AE8C /* DemoDelegateDataSource */ = {
			isa = PBXNativeTarget;
			buildConfigurationList = 7EA42BFD1F91BA9D0095AE8C /* Build configuration list for PBXNativeTarget "DemoDelegateDataSource" */;
			buildPhases = (
				7EA42BE71F91BA9D0095AE8C /* Sources */,
				7EA42BE81F91BA9D0095AE8C /* Frameworks */,
				7EA42BE91F91BA9D0095AE8C /* Resources */,
			);
			buildRules = (
			);
			dependencies = (
			);
			name = DemoDelegateDataSource;
			productName = DemoDelegateDataSource;
			productReference = 7EA42BEB1F91BA9D0095AE8C /* DemoDelegateDataSource.app */;
			productType = "com.apple.product-type.application";
		};
/* End PBXNativeTarget section */

/* Begin PBXProject section */
		7EA42BE31F91BA9D0095AE8C /* Project object */ = {
			isa = PBXProject;
			attributes = {
				LastSwiftUpdateCheck = 0900;
				LastUpgradeCheck = 0900;
				ORGANIZATIONNAME = KuAnh;
				TargetAttributes = {
					7EA42BEA1F91BA9D0095AE8C = {
						CreatedOnToolsVersion = 9.0;
						ProvisioningStyle = Automatic;
					};
				};
			};
			buildConfigurationList = 7EA42BE61F91BA9D0095AE8C /* Build configuration list for PBXProject "DemoDelegateDataSource" */;
			compatibilityVersion = "Xcode 8.0";
			developmentRegion = en;
			hasScannedForEncodings = 0;
			knownRegions = (
				en,
				Base,
			);
			mainGroup = 7EA42BE21F91BA9D0095AE8C;
			productRefGroup = 7EA42BEC1F91BA9D0095AE8C /* Products */;
			projectDirPath = "";
			projectRoot = "";
			targets = (
				7EA42BEA1F91BA9D0095AE8C /* DemoDelegateDataSource */,
			);
		};
/* End PBXProject section */

/* Begin PBXResourcesBuildPhase section */
		7EA42BE91F91BA9D0095AE8C /* Resources */ = {
			isa = PBXResourcesBuildPhase;
			buildActionMask = 2147483647;
			files = (
				7EA42BF91F91BA9D0095AE8C /* LaunchScreen.storyboard in Resources */,
				7EA42BF61F91BA9D0095AE8C /* Assets.xcassets in Resources */,
				7EA42BF41F91BA9D0095AE8C /* Main.storyboard in Resources */,
			);
			runOnlyForDeploymentPostprocessing = 0;
		};
/* End PBXResourcesBuildPhase section */

/* Begin PBXSourcesBuildPhase section */
		7EA42BE71F91BA9D0095AE8C /* Sources */ = {
			isa = PBXSourcesBuildPhase;
			buildActionMask = 2147483647;
			files = (
				7EA42BF11F91BA9D0095AE8C /* ViewController.swift in Sources */,
				7EA42C011F91BB150095AE8C /* MyDataSource.swift in Sources */,
				7EA42BEF1F91BA9D0095AE8C /* AppDelegate.swift in Sources */,
			);
			runOnlyForDeploymentPostprocessing = 0;
		};
/* End PBXSourcesBuildPhase section */

/* Begin PBXVariantGroup section */
		7EA42BF21F91BA9D0095AE8C /* Main.storyboard */ = {
			isa = PBXVariantGroup;
			children = (
				7EA42BF31F91BA9D0095AE8C /* Base */,
			);
			name = Main.storyboard;
			sourceTree = "<group>";
		};
		7EA42BF71F91BA9D0095AE8C /* LaunchScreen.storyboard */ = {
			isa = PBXVariantGroup;
			children = (
				7EA42BF81F91BA9D0095AE8C /* Base */,
			);
			name = LaunchScreen.storyboard;
			sourceTree = "<group>";
		};
/* End PBXVariantGroup section */

/* Begin XCBuildConfiguration section */
		7EA42BFB1F91BA9D0095AE8C /* Debug */ = {
			isa = XCBuildConfiguration;
			buildSettings = {
				ALWAYS_SEARCH_USER_PATHS = NO;
				CLANG_ANALYZER_NONNULL = YES;
				CLANG_ANALYZER_NUMBER_OBJECT_CONVERSION = YES_AGGRESSIVE;
				CLANG_CXX_LANGUAGE_STANDARD = "gnu++14";
				CLANG_CXX_LIBRARY = "libc++";
				CLANG_ENABLE_MODULES = YES;
				CLANG_ENABLE_OBJC_ARC = YES;
				CLANG_WARN_BLOCK_CAPTURE_AUTORELEASING = YES;
				CLANG_WARN_BOOL_CONVERSION = YES;
				CLANG_WARN_COMMA = YES;
				CLANG_WARN_CONSTANT_CONVERSION = YES;
				CLANG_WARN_DIRECT_OBJC_ISA_USAGE = YES_ERROR;
				CLANG_WARN_DOCUMENTATION_COMMENTS = YES;
				CLANG_WARN_EMPTY_BODY = YES;
				CLANG_WARN_ENUM_CONVERSION = YES;
				CLANG_WARN_INFINITE_RECURSION = YES;
				CLANG_WARN_INT_CONVERSION = YES;
				CLANG_WARN_NON_LITERAL_NULL_CONVERSION = YES;
				CLANG_WARN_OBJC_LITERAL_CONVERSION = YES;
				CLANG_WARN_OBJC_ROOT_CLASS = YES_ERROR;
				CLANG_WARN_RANGE_LOOP_ANALYSIS = YES;
				CLANG_WARN_STRICT_PROTOTYPES = YES;
				CLANG_WARN_SUSPICIOUS_MOVE = YES;
				CLANG_WARN_UNGUARDED_AVAILABILITY = YES_AGGRESSIVE;
				CLANG_WARN_UNREACHABLE_CODE = YES;
				CLANG_WARN__DUPLICATE_METHOD_MATCH = YES;
				CODE_SIGN_IDENTITY = "iPhone Developer";
				COPY_PHASE_STRIP = NO;
				DEBUG_INFORMATION_FORMAT = dwarf;
				ENABLE_STRICT_OBJC_MSGSEND = YES;
				ENABLE_TESTABILITY = YES;
				GCC_C_LANGUAGE_STANDARD = gnu11;
				GCC_DYNAMIC_NO_PIC = NO;
				GCC_NO_COMMON_BLOCKS = YES;
				GCC_OPTIMIZATION_LEVEL = 0;
				GCC_PREPROCESSOR_DEFINITIONS = (
					"DEBUG=1",
					"$(inherited)",
				);
				GCC_WARN_64_TO_32_BIT_CONVERSION = YES;
				GCC_WARN_ABOUT_RETURN_TYPE = YES_ERROR;
				GCC_WARN_UNDECLARED_SELECTOR = YES;
				GCC_WARN_UNINITIALIZED_AUTOS = YES_AGGRESSIVE;
				GCC_WARN_UNUSED_FUNCTION = YES;
				GCC_WARN_UNUSED_VARIABLE = YES;
				IPHONEOS_DEPLOYMENT_TARGET = 11.0;
				MTL_ENABLE_DEBUG_INFO = YES;
				ONLY_ACTIVE_ARCH = YES;
				SDKROOT = iphoneos;
				SWIFT_ACTIVE_COMPILATION_CONDITIONS = DEBUG;
				SWIFT_OPTIMIZATION_LEVEL = "-Onone";
			};
			name = Debug;
		};
		7EA42BFC1F91BA9D0095AE8C /* Release */ = {
			isa = XCBuildConfiguration;
			buildSettings = {
				ALWAYS_SEARCH_USER_PATHS = NO;
				CLANG_ANALYZER_NONNULL = YES;
				CLANG_ANALYZER_NUMBER_OBJECT_CONVERSION = YES_AGGRESSIVE;
				CLANG_CXX_LANGUAGE_STANDARD = "gnu++14";
				CLANG_CXX_LIBRARY = "libc++";
				CLANG_ENABLE_MODULES = YES;
				CLANG_ENABLE_OBJC_ARC = YES;
				CLANG_WARN_BLOCK_CAPTURE_AUTORELEASING = YES;
				CLANG_WARN_BOOL_CONVERSION = YES;
				CLANG_WARN_COMMA = YES;
				CLANG_WARN_CONSTANT_CONVERSION = YES;
				CLANG_WARN_DIRECT_OBJC_ISA_USAGE = YES_ERROR;
				CLANG_WARN_DOCUMENTATION_COMMENTS = YES;
				CLANG_WARN_EMPTY_BODY = YES;
				CLANG_WARN_ENUM_CONVERSION = YES;
				CLANG_WARN_INFINITE_RECURSION = YES;
				CLANG_WARN_INT_CONVERSION = YES;
				CLANG_WARN_NON_LITERAL_NULL_CONVERSION = YES;
				CLANG_WARN_OBJC_LITERAL_CONVERSION = YES;
				CLANG_WARN_OBJC_ROOT_CLASS = YES_ERROR;
				CLANG_WARN_RANGE_LOOP_ANALYSIS = YES;
				CLANG_WARN_STRICT_PROTOTYPES = YES;
				CLANG_WARN_SUSPICIOUS_MOVE = YES;
				CLANG_WARN_UNGUARDED_AVAILABILITY = YES_AGGRESSIVE;
				CLANG_WARN_UNREACHABLE_CODE = YES;
				CLANG_WARN__DUPLICATE_METHOD_MATCH = YES;
				CODE_SIGN_IDENTITY = "iPhone Developer";
				COPY_PHASE_STRIP = NO;
				DEBUG_INFORMATION_FORMAT = "dwarf-with-dsym";
				ENABLE_NS_ASSERTIONS = NO;
				ENABLE_STRICT_OBJC_MSGSEND = YES;
				GCC_C_LANGUAGE_STANDARD = gnu11;
				GCC_NO_COMMON_BLOCKS = YES;
				GCC_WARN_64_TO_32_BIT_CONVERSION = YES;
				GCC_WARN_ABOUT_RETURN_TYPE = YES_ERROR;
				GCC_WARN_UNDECLARED_SELECTOR = YES;
				GCC_WARN_UNINITIALIZED_AUTOS = YES_AGGRESSIVE;
				GCC_WARN_UNUSED_FUNCTION = YES;
				GCC_WARN_UNUSED_VARIABLE = YES;
				IPHONEOS_DEPLOYMENT_TARGET = 11.0;
				MTL_ENABLE_DEBUG_INFO = NO;
				SDKROOT = iphoneos;
				SWIFT_OPTIMIZATION_LEVEL = "-Owholemodule";
				VALIDATE_PRODUCT = YES;
			};
			name = Release;
		};
		7EA42BFE1F91BA9D0095AE8C /* Debug */ = {
			isa = XCBuildConfiguration;
			buildSettings = {
				ASSETCATALOG_COMPILER_APPICON_NAME = AppIcon;
				CODE_SIGN_STYLE = Automatic;
				INFOPLIST_FILE = DemoDelegateDataSource/Info.plist;
				LD_RUNPATH_SEARCH_PATHS = "$(inherited) @executable_path/Frameworks";
				PRODUCT_BUNDLE_IDENTIFIER = com.example.DemoDelegateDataSource;
				PRODUCT_NAME = "$(TARGET_NAME)";
				SWIFT_VERSION = 4.0;
				TARGETED_DEVICE_FAMILY = "1,2";
			};
			name = Debug;
		};
		7EA42BFF1F91BA9D0095AE8C /* Release */ = {
			isa = XCBuildConfiguration;
			buildSettings = {
				ASSETCATALOG_COMPILER_APPICON_NAME = AppIcon;
				CODE_SIGN_STYLE = Automatic;
				INFOPLIST_FILE = DemoDelegateDataSource/Info.plist;
				LD_RUNPATH_SEARCH_PATHS = "$(inherited) @executable_path/Frameworks";
				PRODUCT_BUNDLE_IDENTIFIER = com.example.DemoDelegateDataSource;
				PRODUCT_NAME = "$(TARGET_NAME)";
				SWIFT_VERSION = 4.0;
				TARGETED_DEVICE_FAMILY = "1,2";
			};
			name = Release;
		};
/* End XCBuildConfiguration section */

/* Begin XCConfigurationList section */
		7EA42BE61F91BA9D0095AE8C /* Build configuration list for PBXProject "DemoDelegateDataSource" */ = {
			isa = XCConfigurationList;
			buildConfigurations = (
				7EA42BFB1F91BA9D0095AE8C /* Debug */,
				7EA42BFC1F91BA9D0095AE8C /* Release */,
			);
			defaultConfigurationIsVisible = 0;
			defaultConfigurationName = Release;
		};
		7EA42BFD1F91BA9D0095AE8C /* Build configuration list for PBXNativeTarget "DemoDelegateDataSource" */ = {
			isa = XCConfigurationList;
			buildConfigurations = (
				7EA42BFE1F91BA9D0095AE8C /* Debug */,
				7EA42BFF1F91BA9D0095AE8C /* Release */,
			);
			defaultConfigurationIsVisible = 0;
			defaultConfigurationName = Release;
		};
/* End XCConfigurationList section */
	};
	rootObject = 7EA42BE31F91BA9D0095AE8C /* Project object */;
}
