// !$*UTF8*$!
{
	archiveVersion = 1;
	classes = {
	};
	objectVersion = 48;
	objects = {

/* Begin PBXBuildFile section */
		7EE5D967207227040083FF90 /* AppDelegate.swift in Sources */ = {isa = PBXBuildFile; fileRef = 7EE5D966207227040083FF90 /* AppDelegate.swift */; };
		7EE5D969207227040083FF90 /* ViewController.swift in Sources */ = {isa = PBXBuildFile; fileRef = 7EE5D968207227040083FF90 /* ViewController.swift */; };
		7EE5D96C207227040083FF90 /* Main.storyboard in Resources */ = {isa = PBXBuildFile; fileRef = 7EE5D96A207227040083FF90 /* Main.storyboard */; };
		7EE5D96E207227040083FF90 /* Assets.xcassets in Resources */ = {isa = PBXBuildFile; fileRef = 7EE5D96D207227040083FF90 /* Assets.xcassets */; };
		7EE5D971207227040083FF90 /* LaunchScreen.storyboard in Resources */ = {isa = PBXBuildFile; fileRef = 7EE5D96F207227040083FF90 /* LaunchScreen.storyboard */; };
		7EE5D97E20722A5F0083FF90 /* StudentTableViewController.swift in Sources */ = {isa = PBXBuildFile; fileRef = 7EE5D97D20722A5F0083FF90 /* StudentTableViewController.swift */; };
		7EE5D98020722A6B0083FF90 /* StudentTableViewCell.swift in Sources */ = {isa = PBXBuildFile; fileRef = 7EE5D97F20722A6B0083FF90 /* StudentTableViewCell.swift */; };
		7EE5D98320722AA50083FF90 /* DemoStudent.xcdatamodeld in Sources */ = {isa = PBXBuildFile; fileRef = 7EE5D98120722AA50083FF90 /* DemoStudent.xcdatamodeld */; };
/* End PBXBuildFile section */

/* Begin PBXFileReference section */
		7EE5D963207227030083FF90 /* DemoCoreData.app */ = {isa = PBXFileReference; explicitFileType = wrapper.application; includeInIndex = 0; path = DemoCoreData.app; sourceTree = BUILT_PRODUCTS_DIR; };
		7EE5D966207227040083FF90 /* AppDelegate.swift */ = {isa = PBXFileReference; lastKnownFileType = sourcecode.swift; path = AppDelegate.swift; sourceTree = "<group>"; };
		7EE5D968207227040083FF90 /* ViewController.swift */ = {isa = PBXFileReference; lastKnownFileType = sourcecode.swift; path = ViewController.swift; sourceTree = "<group>"; };
		7EE5D96B207227040083FF90 /* Base */ = {isa = PBXFileReference; lastKnownFileType = file.storyboard; name = Base; path = Base.lproj/Main.storyboard; sourceTree = "<group>"; };
		7EE5D96D207227040083FF90 /* Assets.xcassets */ = {isa = PBXFileReference; lastKnownFileType = folder.assetcatalog; path = Assets.xcassets; sourceTree = "<group>"; };
		7EE5D970207227040083FF90 /* Base */ = {isa = PBXFileReference; lastKnownFileType = file.storyboard; name = Base; path = Base.lproj/LaunchScreen.storyboard; sourceTree = "<group>"; };
		7EE5D972207227040083FF90 /* Info.plist */ = {isa = PBXFileReference; lastKnownFileType = text.plist.xml; path = Info.plist; sourceTree = "<group>"; };
		7EE5D97D20722A5F0083FF90 /* StudentTableViewController.swift */ = {isa = PBXFileReference; lastKnownFileType = sourcecode.swift; path = StudentTableViewController.swift; sourceTree = "<group>"; };
		7EE5D97F20722A6B0083FF90 /* StudentTableViewCell.swift */ = {isa = PBXFileReference; lastKnownFileType = sourcecode.swift; path = StudentTableViewCell.swift; sourceTree = "<group>"; };
		7EE5D98220722AA50083FF90 /* DemoStudent.xcdatamodel */ = {isa = PBXFileReference; lastKnownFileType = wrapper.xcdatamodel; path = DemoStudent.xcdatamodel; sourceTree = "<group>"; };
/* End PBXFileReference section */

/* Begin PBXFrameworksBuildPhase section */
		7EE5D960207227030083FF90 /* Frameworks */ = {
			isa = PBXFrameworksBuildPhase;
			buildActionMask = 2147483647;
			files = (
			);
			runOnlyForDeploymentPostprocessing = 0;
		};
/* End PBXFrameworksBuildPhase section */

/* Begin PBXGroup section */
		7EE5D95A207227030083FF90 = {
			isa = PBXGroup;
			children = (
				7EE5D965207227030083FF90 /* DemoCoreData */,
				7EE5D964207227030083FF90 /* Products */,
			);
			sourceTree = "<group>";
		};
		7EE5D964207227030083FF90 /* Products */ = {
			isa = PBXGroup;
			children = (
				7EE5D963207227030083FF90 /* DemoCoreData.app */,
			);
			name = Products;
			sourceTree = "<group>";
		};
		7EE5D965207227030083FF90 /* DemoCoreData */ = {
			isa = PBXGroup;
			children = (
				7EE5D97C20722A3D0083FF90 /* Controller */,
				7EE5D97B20722A380083FF90 /* View */,
				7EE5D97A20722A280083FF90 /* Model */,
				7EE5D966207227040083FF90 /* AppDelegate.swift */,
				7EE5D96D207227040083FF90 /* Assets.xcassets */,
				7EE5D96F207227040083FF90 /* LaunchScreen.storyboard */,
				7EE5D972207227040083FF90 /* Info.plist */,
				7EE5D98120722AA50083FF90 /* DemoStudent.xcdatamodeld */,
			);
			path = DemoCoreData;
			sourceTree = "<group>";
		};
		7EE5D97A20722A280083FF90 /* Model */ = {
			isa = PBXGroup;
			children = (
			);
			path = Model;
			sourceTree = "<group>";
		};
		7EE5D97B20722A380083FF90 /* View */ = {
			isa = PBXGroup;
			children = (
				7EE5D96A207227040083FF90 /* Main.storyboard */,
				7EE5D97F20722A6B0083FF90 /* StudentTableViewCell.swift */,
			);
			path = View;
			sourceTree = "<group>";
		};
		7EE5D97C20722A3D0083FF90 /* Controller */ = {
			isa = PBXGroup;
			children = (
				7EE5D968207227040083FF90 /* ViewController.swift */,
				7EE5D97D20722A5F0083FF90 /* StudentTableViewController.swift */,
			);
			path = Controller;
			sourceTree = "<group>";
		};
/* End PBXGroup section */

/* Begin PBXNativeTarget section */
		7EE5D962207227030083FF90 /* DemoCoreData */ = {
			isa = PBXNativeTarget;
			buildConfigurationList = 7EE5D975207227040083FF90 /* Build configuration list for PBXNativeTarget "DemoCoreData" */;
			buildPhases = (
				7EE5D95F207227030083FF90 /* Sources */,
				7EE5D960207227030083FF90 /* Frameworks */,
				7EE5D961207227030083FF90 /* Resources */,
			);
			buildRules = (
			);
			dependencies = (
			);
			name = DemoCoreData;
			productName = DemoCoreData;
			productReference = 7EE5D963207227030083FF90 /* DemoCoreData.app */;
			productType = "com.apple.product-type.application";
		};
/* End PBXNativeTarget section */

/* Begin PBXProject section */
		7EE5D95B207227030083FF90 /* Project object */ = {
			isa = PBXProject;
			attributes = {
				LastSwiftUpdateCheck = 0920;
				LastUpgradeCheck = 0920;
				ORGANIZATIONNAME = KuAnh;
				TargetAttributes = {
					7EE5D962207227030083FF90 = {
						CreatedOnToolsVersion = 9.2;
						ProvisioningStyle = Automatic;
					};
				};
			};
			buildConfigurationList = 7EE5D95E207227030083FF90 /* Build configuration list for PBXProject "DemoCoreData" */;
			compatibilityVersion = "Xcode 8.0";
			developmentRegion = en;
			hasScannedForEncodings = 0;
			knownRegions = (
				en,
				Base,
			);
			mainGroup = 7EE5D95A207227030083FF90;
			productRefGroup = 7EE5D964207227030083FF90 /* Products */;
			projectDirPath = "";
			projectRoot = "";
			targets = (
				7EE5D962207227030083FF90 /* DemoCoreData */,
			);
		};
/* End PBXProject section */

/* Begin PBXResourcesBuildPhase section */
		7EE5D961207227030083FF90 /* Resources */ = {
			isa = PBXResourcesBuildPhase;
			buildActionMask = 2147483647;
			files = (
				7EE5D971207227040083FF90 /* LaunchScreen.storyboard in Resources */,
				7EE5D96E207227040083FF90 /* Assets.xcassets in Resources */,
				7EE5D96C207227040083FF90 /* Main.storyboard in Resources */,
			);
			runOnlyForDeploymentPostprocessing = 0;
		};
/* End PBXResourcesBuildPhase section */

/* Begin PBXSourcesBuildPhase section */
		7EE5D95F207227030083FF90 /* Sources */ = {
			isa = PBXSourcesBuildPhase;
			buildActionMask = 2147483647;
			files = (
				7EE5D969207227040083FF90 /* ViewController.swift in Sources */,
				7EE5D98020722A6B0083FF90 /* StudentTableViewCell.swift in Sources */,
				7EE5D98320722AA50083FF90 /* DemoStudent.xcdatamodeld in Sources */,
				7EE5D97E20722A5F0083FF90 /* StudentTableViewController.swift in Sources */,
				7EE5D967207227040083FF90 /* AppDelegate.swift in Sources */,
			);
			runOnlyForDeploymentPostprocessing = 0;
		};
/* End PBXSourcesBuildPhase section */

/* Begin PBXVariantGroup section */
		7EE5D96A207227040083FF90 /* Main.storyboard */ = {
			isa = PBXVariantGroup;
			children = (
				7EE5D96B207227040083FF90 /* Base */,
			);
			name = Main.storyboard;
			sourceTree = "<group>";
		};
		7EE5D96F207227040083FF90 /* LaunchScreen.storyboard */ = {
			isa = PBXVariantGroup;
			children = (
				7EE5D970207227040083FF90 /* Base */,
			);
			name = LaunchScreen.storyboard;
			sourceTree = "<group>";
		};
/* End PBXVariantGroup section */

/* Begin XCBuildConfiguration section */
		7EE5D973207227040083FF90 /* Debug */ = {
			isa = XCBuildConfiguration;
			buildSettings = {
				ALWAYS_SEARCH_USER_PATHS = NO;
				CLANG_ANALYZER_NONNULL = YES;
				CLANG_ANALYZER_NUMBER_OBJECT_CONVERSION = YES_AGGRESSIVE;
				CLANG_CXX_LANGUAGE_STANDARD = "gnu++14";
				CLANG_CXX_LIBRARY = "libc++";
				CLANG_ENABLE_MODULES = YES;
				CLANG_ENABLE_OBJC_ARC = YES;
				CLANG_WARN_BLOCK_CAPTURE_AUTORELEASING = YES;
				CLANG_WARN_BOOL_CONVERSION = YES;
				CLANG_WARN_COMMA = YES;
				CLANG_WARN_CONSTANT_CONVERSION = YES;
				CLANG_WARN_DIRECT_OBJC_ISA_USAGE = YES_ERROR;
				CLANG_WARN_DOCUMENTATION_COMMENTS = YES;
				CLANG_WARN_EMPTY_BODY = YES;
				CLANG_WARN_ENUM_CONVERSION = YES;
				CLANG_WARN_INFINITE_RECURSION = YES;
				CLANG_WARN_INT_CONVERSION = YES;
				CLANG_WARN_NON_LITERAL_NULL_CONVERSION = YES;
				CLANG_WARN_OBJC_LITERAL_CONVERSION = YES;
				CLANG_WARN_OBJC_ROOT_CLASS = YES_ERROR;
				CLANG_WARN_RANGE_LOOP_ANALYSIS = YES;
				CLANG_WARN_STRICT_PROTOTYPES = YES;
				CLANG_WARN_SUSPICIOUS_MOVE = YES;
				CLANG_WARN_UNGUARDED_AVAILABILITY = YES_AGGRESSIVE;
				CLANG_WARN_UNREACHABLE_CODE = YES;
				CLANG_WARN__DUPLICATE_METHOD_MATCH = YES;
				CODE_SIGN_IDENTITY = "iPhone Developer";
				COPY_PHASE_STRIP = NO;
				DEBUG_INFORMATION_FORMAT = dwarf;
				ENABLE_STRICT_OBJC_MSGSEND = YES;
				ENABLE_TESTABILITY = YES;
				GCC_C_LANGUAGE_STANDARD = gnu11;
				GCC_DYNAMIC_NO_PIC = NO;
				GCC_NO_COMMON_BLOCKS = YES;
				GCC_OPTIMIZATION_LEVEL = 0;
				GCC_PREPROCESSOR_DEFINITIONS = (
					"DEBUG=1",
					"$(inherited)",
				);
				GCC_WARN_64_TO_32_BIT_CONVERSION = YES;
				GCC_WARN_ABOUT_RETURN_TYPE = YES_ERROR;
				GCC_WARN_UNDECLARED_SELECTOR = YES;
				GCC_WARN_UNINITIALIZED_AUTOS = YES_AGGRESSIVE;
				GCC_WARN_UNUSED_FUNCTION = YES;
				GCC_WARN_UNUSED_VARIABLE = YES;
				IPHONEOS_DEPLOYMENT_TARGET = 11.2;
				MTL_ENABLE_DEBUG_INFO = YES;
				ONLY_ACTIVE_ARCH = YES;
				SDKROOT = iphoneos;
				SWIFT_ACTIVE_COMPILATION_CONDITIONS = DEBUG;
				SWIFT_OPTIMIZATION_LEVEL = "-Onone";
			};
			name = Debug;
		};
		7EE5D974207227040083FF90 /* Release */ = {
			isa = XCBuildConfiguration;
			buildSettings = {
				ALWAYS_SEARCH_USER_PATHS = NO;
				CLANG_ANALYZER_NONNULL = YES;
				CLANG_ANALYZER_NUMBER_OBJECT_CONVERSION = YES_AGGRESSIVE;
				CLANG_CXX_LANGUAGE_STANDARD = "gnu++14";
				CLANG_CXX_LIBRARY = "libc++";
				CLANG_ENABLE_MODULES = YES;
				CLANG_ENABLE_OBJC_ARC = YES;
				CLANG_WARN_BLOCK_CAPTURE_AUTORELEASING = YES;
				CLANG_WARN_BOOL_CONVERSION = YES;
				CLANG_WARN_COMMA = YES;
				CLANG_WARN_CONSTANT_CONVERSION = YES;
				CLANG_WARN_DIRECT_OBJC_ISA_USAGE = YES_ERROR;
				CLANG_WARN_DOCUMENTATION_COMMENTS = YES;
				CLANG_WARN_EMPTY_BODY = YES;
				CLANG_WARN_ENUM_CONVERSION = YES;
				CLANG_WARN_INFINITE_RECURSION = YES;
				CLANG_WARN_INT_CONVERSION = YES;
				CLANG_WARN_NON_LITERAL_NULL_CONVERSION = YES;
				CLANG_WARN_OBJC_LITERAL_CONVERSION = YES;
				CLANG_WARN_OBJC_ROOT_CLASS = YES_ERROR;
				CLANG_WARN_RANGE_LOOP_ANALYSIS = YES;
				CLANG_WARN_STRICT_PROTOTYPES = YES;
				CLANG_WARN_SUSPICIOUS_MOVE = YES;
				CLANG_WARN_UNGUARDED_AVAILABILITY = YES_AGGRESSIVE;
				CLANG_WARN_UNREACHABLE_CODE = YES;
				CLANG_WARN__DUPLICATE_METHOD_MATCH = YES;
				CODE_SIGN_IDENTITY = "iPhone Developer";
				COPY_PHASE_STRIP = NO;
				DEBUG_INFORMATION_FORMAT = "dwarf-with-dsym";
				ENABLE_NS_ASSERTIONS = NO;
				ENABLE_STRICT_OBJC_MSGSEND = YES;
				GCC_C_LANGUAGE_STANDARD = gnu11;
				GCC_NO_COMMON_BLOCKS = YES;
				GCC_WARN_64_TO_32_BIT_CONVERSION = YES;
				GCC_WARN_ABOUT_RETURN_TYPE = YES_ERROR;
				GCC_WARN_UNDECLARED_SELECTOR = YES;
				GCC_WARN_UNINITIALIZED_AUTOS = YES_AGGRESSIVE;
				GCC_WARN_UNUSED_FUNCTION = YES;
				GCC_WARN_UNUSED_VARIABLE = YES;
				IPHONEOS_DEPLOYMENT_TARGET = 11.2;
				MTL_ENABLE_DEBUG_INFO = NO;
				SDKROOT = iphoneos;
				SWIFT_OPTIMIZATION_LEVEL = "-Owholemodule";
				VALIDATE_PRODUCT = YES;
			};
			name = Release;
		};
		7EE5D976207227040083FF90 /* Debug */ = {
			isa = XCBuildConfiguration;
			buildSettings = {
				ASSETCATALOG_COMPILER_APPICON_NAME = AppIcon;
				CODE_SIGN_STYLE = Automatic;
				INFOPLIST_FILE = DemoCoreData/Info.plist;
				LD_RUNPATH_SEARCH_PATHS = "$(inherited) @executable_path/Frameworks";
				PRODUCT_BUNDLE_IDENTIFIER = com.example.DemoCoreData;
				PRODUCT_NAME = "$(TARGET_NAME)";
				SWIFT_VERSION = 4.0;
				TARGETED_DEVICE_FAMILY = "1,2";
			};
			name = Debug;
		};
		7EE5D977207227040083FF90 /* Release */ = {
			isa = XCBuildConfiguration;
			buildSettings = {
				ASSETCATALOG_COMPILER_APPICON_NAME = AppIcon;
				CODE_SIGN_STYLE = Automatic;
				INFOPLIST_FILE = DemoCoreData/Info.plist;
				LD_RUNPATH_SEARCH_PATHS = "$(inherited) @executable_path/Frameworks";
				PRODUCT_BUNDLE_IDENTIFIER = com.example.DemoCoreData;
				PRODUCT_NAME = "$(TARGET_NAME)";
				SWIFT_VERSION = 4.0;
				TARGETED_DEVICE_FAMILY = "1,2";
			};
			name = Release;
		};
/* End XCBuildConfiguration section */

/* Begin XCConfigurationList section */
		7EE5D95E207227030083FF90 /* Build configuration list for PBXProject "DemoCoreData" */ = {
			isa = XCConfigurationList;
			buildConfigurations = (
				7EE5D973207227040083FF90 /* Debug */,
				7EE5D974207227040083FF90 /* Release */,
			);
			defaultConfigurationIsVisible = 0;
			defaultConfigurationName = Release;
		};
		7EE5D975207227040083FF90 /* Build configuration list for PBXNativeTarget "DemoCoreData" */ = {
			isa = XCConfigurationList;
			buildConfigurations = (
				7EE5D976207227040083FF90 /* Debug */,
				7EE5D977207227040083FF90 /* Release */,
			);
			defaultConfigurationIsVisible = 0;
			defaultConfigurationName = Release;
		};
/* End XCConfigurationList section */

/* Begin XCVersionGroup section */
		7EE5D98120722AA50083FF90 /* DemoStudent.xcdatamodeld */ = {
			isa = XCVersionGroup;
			children = (
				7EE5D98220722AA50083FF90 /* DemoStudent.xcdatamodel */,
			);
			currentVersion = 7EE5D98220722AA50083FF90 /* DemoStudent.xcdatamodel */;
			path = DemoStudent.xcdatamodeld;
			sourceTree = "<group>";
			versionGroupType = wrapper.xcdatamodel;
		};
/* End XCVersionGroup section */
	};
	rootObject = 7EE5D95B207227030083FF90 /* Project object */;
}
