// !$*UTF8*$!
{
	archiveVersion = 1;
	classes = {
	};
	objectVersion = 48;
	objects = {

/* Begin PBXBuildFile section */
		7EDE9768206DD1D9003B629B /* AppDelegate.swift in Sources */ = {isa = PBXBuildFile; fileRef = 7EDE9767206DD1D9003B629B /* AppDelegate.swift */; };
		7EDE976A206DD1D9003B629B /* ViewController.swift in Sources */ = {isa = PBXBuildFile; fileRef = 7EDE9769206DD1D9003B629B /* ViewController.swift */; };
		7EDE976D206DD1D9003B629B /* Main.storyboard in Resources */ = {isa = PBXBuildFile; fileRef = 7EDE976B206DD1D9003B629B /* Main.storyboard */; };
		7EDE976F206DD1D9003B629B /* Assets.xcassets in Resources */ = {isa = PBXBuildFile; fileRef = 7EDE976E206DD1D9003B629B /* Assets.xcassets */; };
		7EDE9772206DD1D9003B629B /* LaunchScreen.storyboard in Resources */ = {isa = PBXBuildFile; fileRef = 7EDE9770206DD1D9003B629B /* LaunchScreen.storyboard */; };
		7EDE977C206DD292003B629B /* StudentTableViewCell.swift in Sources */ = {isa = PBXBuildFile; fileRef = 7EDE9779206DD291003B629B /* StudentTableViewCell.swift */; };
		7EDE977D206DD292003B629B /* StudentTableViewController.swift in Sources */ = {isa = PBXBuildFile; fileRef = 7EDE977A206DD292003B629B /* StudentTableViewController.swift */; };
		7EDE977E206DD292003B629B /* Student.swift in Sources */ = {isa = PBXBuildFile; fileRef = 7EDE977B206DD292003B629B /* Student.swift */; };
/* End PBXBuildFile section */

/* Begin PBXFileReference section */
		7EDE9764206DD1D9003B629B /* DemoSearchBarClone.app */ = {isa = PBXFileReference; explicitFileType = wrapper.application; includeInIndex = 0; path = DemoSearchBarClone.app; sourceTree = BUILT_PRODUCTS_DIR; };
		7EDE9767206DD1D9003B629B /* AppDelegate.swift */ = {isa = PBXFileReference; lastKnownFileType = sourcecode.swift; path = AppDelegate.swift; sourceTree = "<group>"; };
		7EDE9769206DD1D9003B629B /* ViewController.swift */ = {isa = PBXFileReference; lastKnownFileType = sourcecode.swift; path = ViewController.swift; sourceTree = "<group>"; };
		7EDE976C206DD1D9003B629B /* Base */ = {isa = PBXFileReference; lastKnownFileType = file.storyboard; name = Base; path = Base.lproj/Main.storyboard; sourceTree = "<group>"; };
		7EDE976E206DD1D9003B629B /* Assets.xcassets */ = {isa = PBXFileReference; lastKnownFileType = folder.assetcatalog; path = Assets.xcassets; sourceTree = "<group>"; };
		7EDE9771206DD1D9003B629B /* Base */ = {isa = PBXFileReference; lastKnownFileType = file.storyboard; name = Base; path = Base.lproj/LaunchScreen.storyboard; sourceTree = "<group>"; };
		7EDE9773206DD1D9003B629B /* Info.plist */ = {isa = PBXFileReference; lastKnownFileType = text.plist.xml; path = Info.plist; sourceTree = "<group>"; };
		7EDE9779206DD291003B629B /* StudentTableViewCell.swift */ = {isa = PBXFileReference; fileEncoding = 4; lastKnownFileType = sourcecode.swift; path = StudentTableViewCell.swift; sourceTree = "<group>"; };
		7EDE977A206DD292003B629B /* StudentTableViewController.swift */ = {isa = PBXFileReference; fileEncoding = 4; lastKnownFileType = sourcecode.swift; path = StudentTableViewController.swift; sourceTree = "<group>"; };
		7EDE977B206DD292003B629B /* Student.swift */ = {isa = PBXFileReference; fileEncoding = 4; lastKnownFileType = sourcecode.swift; path = Student.swift; sourceTree = "<group>"; };
/* End PBXFileReference section */

/* Begin PBXFrameworksBuildPhase section */
		7EDE9761206DD1D9003B629B /* Frameworks */ = {
			isa = PBXFrameworksBuildPhase;
			buildActionMask = 2147483647;
			files = (
			);
			runOnlyForDeploymentPostprocessing = 0;
		};
/* End PBXFrameworksBuildPhase section */

/* Begin PBXGroup section */
		7EDE975B206DD1D9003B629B = {
			isa = PBXGroup;
			children = (
				7EDE9766206DD1D9003B629B /* DemoSearchBarClone */,
				7EDE9765206DD1D9003B629B /* Products */,
			);
			sourceTree = "<group>";
		};
		7EDE9765206DD1D9003B629B /* Products */ = {
			isa = PBXGroup;
			children = (
				7EDE9764206DD1D9003B629B /* DemoSearchBarClone.app */,
			);
			name = Products;
			sourceTree = "<group>";
		};
		7EDE9766206DD1D9003B629B /* DemoSearchBarClone */ = {
			isa = PBXGroup;
			children = (
				7EDE977B206DD292003B629B /* Student.swift */,
				7EDE9779206DD291003B629B /* StudentTableViewCell.swift */,
				7EDE977A206DD292003B629B /* StudentTableViewController.swift */,
				7EDE9767206DD1D9003B629B /* AppDelegate.swift */,
				7EDE9769206DD1D9003B629B /* ViewController.swift */,
				7EDE976B206DD1D9003B629B /* Main.storyboard */,
				7EDE976E206DD1D9003B629B /* Assets.xcassets */,
				7EDE9770206DD1D9003B629B /* LaunchScreen.storyboard */,
				7EDE9773206DD1D9003B629B /* Info.plist */,
			);
			path = DemoSearchBarClone;
			sourceTree = "<group>";
		};
/* End PBXGroup section */

/* Begin PBXNativeTarget section */
		7EDE9763206DD1D9003B629B /* DemoSearchBarClone */ = {
			isa = PBXNativeTarget;
			buildConfigurationList = 7EDE9776206DD1D9003B629B /* Build configuration list for PBXNativeTarget "DemoSearchBarClone" */;
			buildPhases = (
				7EDE9760206DD1D9003B629B /* Sources */,
				7EDE9761206DD1D9003B629B /* Frameworks */,
				7EDE9762206DD1D9003B629B /* Resources */,
			);
			buildRules = (
			);
			dependencies = (
			);
			name = DemoSearchBarClone;
			productName = DemoSearchBarClone;
			productReference = 7EDE9764206DD1D9003B629B /* DemoSearchBarClone.app */;
			productType = "com.apple.product-type.application";
		};
/* End PBXNativeTarget section */

/* Begin PBXProject section */
		7EDE975C206DD1D9003B629B /* Project object */ = {
			isa = PBXProject;
			attributes = {
				LastSwiftUpdateCheck = 0920;
				LastUpgradeCheck = 0920;
				ORGANIZATIONNAME = KuAnh;
				TargetAttributes = {
					7EDE9763206DD1D9003B629B = {
						CreatedOnToolsVersion = 9.2;
						ProvisioningStyle = Automatic;
					};
				};
			};
			buildConfigurationList = 7EDE975F206DD1D9003B629B /* Build configuration list for PBXProject "DemoSearchBarClone" */;
			compatibilityVersion = "Xcode 8.0";
			developmentRegion = en;
			hasScannedForEncodings = 0;
			knownRegions = (
				en,
				Base,
			);
			mainGroup = 7EDE975B206DD1D9003B629B;
			productRefGroup = 7EDE9765206DD1D9003B629B /* Products */;
			projectDirPath = "";
			projectRoot = "";
			targets = (
				7EDE9763206DD1D9003B629B /* DemoSearchBarClone */,
			);
		};
/* End PBXProject section */

/* Begin PBXResourcesBuildPhase section */
		7EDE9762206DD1D9003B629B /* Resources */ = {
			isa = PBXResourcesBuildPhase;
			buildActionMask = 2147483647;
			files = (
				7EDE9772206DD1D9003B629B /* LaunchScreen.storyboard in Resources */,
				7EDE976F206DD1D9003B629B /* Assets.xcassets in Resources */,
				7EDE976D206DD1D9003B629B /* Main.storyboard in Resources */,
			);
			runOnlyForDeploymentPostprocessing = 0;
		};
/* End PBXResourcesBuildPhase section */

/* Begin PBXSourcesBuildPhase section */
		7EDE9760206DD1D9003B629B /* Sources */ = {
			isa = PBXSourcesBuildPhase;
			buildActionMask = 2147483647;
			files = (
				7EDE976A206DD1D9003B629B /* ViewController.swift in Sources */,
				7EDE9768206DD1D9003B629B /* AppDelegate.swift in Sources */,
				7EDE977D206DD292003B629B /* StudentTableViewController.swift in Sources */,
				7EDE977E206DD292003B629B /* Student.swift in Sources */,
				7EDE977C206DD292003B629B /* StudentTableViewCell.swift in Sources */,
			);
			runOnlyForDeploymentPostprocessing = 0;
		};
/* End PBXSourcesBuildPhase section */

/* Begin PBXVariantGroup section */
		7EDE976B206DD1D9003B629B /* Main.storyboard */ = {
			isa = PBXVariantGroup;
			children = (
				7EDE976C206DD1D9003B629B /* Base */,
			);
			name = Main.storyboard;
			sourceTree = "<group>";
		};
		7EDE9770206DD1D9003B629B /* LaunchScreen.storyboard */ = {
			isa = PBXVariantGroup;
			children = (
				7EDE9771206DD1D9003B629B /* Base */,
			);
			name = LaunchScreen.storyboard;
			sourceTree = "<group>";
		};
/* End PBXVariantGroup section */

/* Begin XCBuildConfiguration section */
		7EDE9774206DD1D9003B629B /* Debug */ = {
			isa = XCBuildConfiguration;
			buildSettings = {
				ALWAYS_SEARCH_USER_PATHS = NO;
				CLANG_ANALYZER_NONNULL = YES;
				CLANG_ANALYZER_NUMBER_OBJECT_CONVERSION = YES_AGGRESSIVE;
				CLANG_CXX_LANGUAGE_STANDARD = "gnu++14";
				CLANG_CXX_LIBRARY = "libc++";
				CLANG_ENABLE_MODULES = YES;
				CLANG_ENABLE_OBJC_ARC = YES;
				CLANG_WARN_BLOCK_CAPTURE_AUTORELEASING = YES;
				CLANG_WARN_BOOL_CONVERSION = YES;
				CLANG_WARN_COMMA = YES;
				CLANG_WARN_CONSTANT_CONVERSION = YES;
				CLANG_WARN_DIRECT_OBJC_ISA_USAGE = YES_ERROR;
				CLANG_WARN_DOCUMENTATION_COMMENTS = YES;
				CLANG_WARN_EMPTY_BODY = YES;
				CLANG_WARN_ENUM_CONVERSION = YES;
				CLANG_WARN_INFINITE_RECURSION = YES;
				CLANG_WARN_INT_CONVERSION = YES;
				CLANG_WARN_NON_LITERAL_NULL_CONVERSION = YES;
				CLANG_WARN_OBJC_LITERAL_CONVERSION = YES;
				CLANG_WARN_OBJC_ROOT_CLASS = YES_ERROR;
				CLANG_WARN_RANGE_LOOP_ANALYSIS = YES;
				CLANG_WARN_STRICT_PROTOTYPES = YES;
				CLANG_WARN_SUSPICIOUS_MOVE = YES;
				CLANG_WARN_UNGUARDED_AVAILABILITY = YES_AGGRESSIVE;
				CLANG_WARN_UNREACHABLE_CODE = YES;
				CLANG_WARN__DUPLICATE_METHOD_MATCH = YES;
				CODE_SIGN_IDENTITY = "iPhone Developer";
				COPY_PHASE_STRIP = NO;
				DEBUG_INFORMATION_FORMAT = dwarf;
				ENABLE_STRICT_OBJC_MSGSEND = YES;
				ENABLE_TESTABILITY = YES;
				GCC_C_LANGUAGE_STANDARD = gnu11;
				GCC_DYNAMIC_NO_PIC = NO;
				GCC_NO_COMMON_BLOCKS = YES;
				GCC_OPTIMIZATION_LEVEL = 0;
				GCC_PREPROCESSOR_DEFINITIONS = (
					"DEBUG=1",
					"$(inherited)",
				);
				GCC_WARN_64_TO_32_BIT_CONVERSION = YES;
				GCC_WARN_ABOUT_RETURN_TYPE = YES_ERROR;
				GCC_WARN_UNDECLARED_SELECTOR = YES;
				GCC_WARN_UNINITIALIZED_AUTOS = YES_AGGRESSIVE;
				GCC_WARN_UNUSED_FUNCTION = YES;
				GCC_WARN_UNUSED_VARIABLE = YES;
				IPHONEOS_DEPLOYMENT_TARGET = 11.2;
				MTL_ENABLE_DEBUG_INFO = YES;
				ONLY_ACTIVE_ARCH = YES;
				SDKROOT = iphoneos;
				SWIFT_ACTIVE_COMPILATION_CONDITIONS = DEBUG;
				SWIFT_OPTIMIZATION_LEVEL = "-Onone";
			};
			name = Debug;
		};
		7EDE9775206DD1D9003B629B /* Release */ = {
			isa = XCBuildConfiguration;
			buildSettings = {
				ALWAYS_SEARCH_USER_PATHS = NO;
				CLANG_ANALYZER_NONNULL = YES;
				CLANG_ANALYZER_NUMBER_OBJECT_CONVERSION = YES_AGGRESSIVE;
				CLANG_CXX_LANGUAGE_STANDARD = "gnu++14";
				CLANG_CXX_LIBRARY = "libc++";
				CLANG_ENABLE_MODULES = YES;
				CLANG_ENABLE_OBJC_ARC = YES;
				CLANG_WARN_BLOCK_CAPTURE_AUTORELEASING = YES;
				CLANG_WARN_BOOL_CONVERSION = YES;
				CLANG_WARN_COMMA = YES;
				CLANG_WARN_CONSTANT_CONVERSION = YES;
				CLANG_WARN_DIRECT_OBJC_ISA_USAGE = YES_ERROR;
				CLANG_WARN_DOCUMENTATION_COMMENTS = YES;
				CLANG_WARN_EMPTY_BODY = YES;
				CLANG_WARN_ENUM_CONVERSION = YES;
				CLANG_WARN_INFINITE_RECURSION = YES;
				CLANG_WARN_INT_CONVERSION = YES;
				CLANG_WARN_NON_LITERAL_NULL_CONVERSION = YES;
				CLANG_WARN_OBJC_LITERAL_CONVERSION = YES;
				CLANG_WARN_OBJC_ROOT_CLASS = YES_ERROR;
				CLANG_WARN_RANGE_LOOP_ANALYSIS = YES;
				CLANG_WARN_STRICT_PROTOTYPES = YES;
				CLANG_WARN_SUSPICIOUS_MOVE = YES;
				CLANG_WARN_UNGUARDED_AVAILABILITY = YES_AGGRESSIVE;
				CLANG_WARN_UNREACHABLE_CODE = YES;
				CLANG_WARN__DUPLICATE_METHOD_MATCH = YES;
				CODE_SIGN_IDENTITY = "iPhone Developer";
				COPY_PHASE_STRIP = NO;
				DEBUG_INFORMATION_FORMAT = "dwarf-with-dsym";
				ENABLE_NS_ASSERTIONS = NO;
				ENABLE_STRICT_OBJC_MSGSEND = YES;
				GCC_C_LANGUAGE_STANDARD = gnu11;
				GCC_NO_COMMON_BLOCKS = YES;
				GCC_WARN_64_TO_32_BIT_CONVERSION = YES;
				GCC_WARN_ABOUT_RETURN_TYPE = YES_ERROR;
				GCC_WARN_UNDECLARED_SELECTOR = YES;
				GCC_WARN_UNINITIALIZED_AUTOS = YES_AGGRESSIVE;
				GCC_WARN_UNUSED_FUNCTION = YES;
				GCC_WARN_UNUSED_VARIABLE = YES;
				IPHONEOS_DEPLOYMENT_TARGET = 11.2;
				MTL_ENABLE_DEBUG_INFO = NO;
				SDKROOT = iphoneos;
				SWIFT_OPTIMIZATION_LEVEL = "-Owholemodule";
				VALIDATE_PRODUCT = YES;
			};
			name = Release;
		};
		7EDE9777206DD1D9003B629B /* Debug */ = {
			isa = XCBuildConfiguration;
			buildSettings = {
				ASSETCATALOG_COMPILER_APPICON_NAME = AppIcon;
				CODE_SIGN_STYLE = Automatic;
				INFOPLIST_FILE = DemoSearchBarClone/Info.plist;
				LD_RUNPATH_SEARCH_PATHS = "$(inherited) @executable_path/Frameworks";
				PRODUCT_BUNDLE_IDENTIFIER = com.example.DemoSearchBarClone;
				PRODUCT_NAME = "$(TARGET_NAME)";
				SWIFT_VERSION = 4.0;
				TARGETED_DEVICE_FAMILY = "1,2";
			};
			name = Debug;
		};
		7EDE9778206DD1D9003B629B /* Release */ = {
			isa = XCBuildConfiguration;
			buildSettings = {
				ASSETCATALOG_COMPILER_APPICON_NAME = AppIcon;
				CODE_SIGN_STYLE = Automatic;
				INFOPLIST_FILE = DemoSearchBarClone/Info.plist;
				LD_RUNPATH_SEARCH_PATHS = "$(inherited) @executable_path/Frameworks";
				PRODUCT_BUNDLE_IDENTIFIER = com.example.DemoSearchBarClone;
				PRODUCT_NAME = "$(TARGET_NAME)";
				SWIFT_VERSION = 4.0;
				TARGETED_DEVICE_FAMILY = "1,2";
			};
			name = Release;
		};
/* End XCBuildConfiguration section */

/* Begin XCConfigurationList section */
		7EDE975F206DD1D9003B629B /* Build configuration list for PBXProject "DemoSearchBarClone" */ = {
			isa = XCConfigurationList;
			buildConfigurations = (
				7EDE9774206DD1D9003B629B /* Debug */,
				7EDE9775206DD1D9003B629B /* Release */,
			);
			defaultConfigurationIsVisible = 0;
			defaultConfigurationName = Release;
		};
		7EDE9776206DD1D9003B629B /* Build configuration list for PBXNativeTarget "DemoSearchBarClone" */ = {
			isa = XCConfigurationList;
			buildConfigurations = (
				7EDE9777206DD1D9003B629B /* Debug */,
				7EDE9778206DD1D9003B629B /* Release */,
			);
			defaultConfigurationIsVisible = 0;
			defaultConfigurationName = Release;
		};
/* End XCConfigurationList section */
	};
	rootObject = 7EDE975C206DD1D9003B629B /* Project object */;
}
