// !$*UTF8*$!
{
	archiveVersion = 1;
	classes = {
	};
	objectVersion = 48;
	objects = {

/* Begin PBXBuildFile section */
		7E9ABB7B1FAE903E008EA8AE /* AppDelegate.swift in Sources */ = {isa = PBXBuildFile; fileRef = 7E9ABB7A1FAE903E008EA8AE /* AppDelegate.swift */; };
		7E9ABB7D1FAE903E008EA8AE /* ViewController.swift in Sources */ = {isa = PBXBuildFile; fileRef = 7E9ABB7C1FAE903E008EA8AE /* ViewController.swift */; };
		7E9ABB801FAE903E008EA8AE /* Main.storyboard in Resources */ = {isa = PBXBuildFile; fileRef = 7E9ABB7E1FAE903E008EA8AE /* Main.storyboard */; };
		7E9ABB821FAE903E008EA8AE /* Assets.xcassets in Resources */ = {isa = PBXBuildFile; fileRef = 7E9ABB811FAE903E008EA8AE /* Assets.xcassets */; };
		7E9ABB851FAE903E008EA8AE /* LaunchScreen.storyboard in Resources */ = {isa = PBXBuildFile; fileRef = 7E9ABB831FAE903E008EA8AE /* LaunchScreen.storyboard */; };
		7E9ABB8D1FAE916C008EA8AE /* PickerViewTableViewController.swift in Sources */ = {isa = PBXBuildFile; fileRef = 7E9ABB8C1FAE916C008EA8AE /* PickerViewTableViewController.swift */; };
/* End PBXBuildFile section */

/* Begin PBXFileReference section */
		7E9ABB771FAE903E008EA8AE /* demoPickerViewTableview.app */ = {isa = PBXFileReference; explicitFileType = wrapper.application; includeInIndex = 0; path = demoPickerViewTableview.app; sourceTree = BUILT_PRODUCTS_DIR; };
		7E9ABB7A1FAE903E008EA8AE /* AppDelegate.swift */ = {isa = PBXFileReference; lastKnownFileType = sourcecode.swift; path = AppDelegate.swift; sourceTree = "<group>"; };
		7E9ABB7C1FAE903E008EA8AE /* ViewController.swift */ = {isa = PBXFileReference; lastKnownFileType = sourcecode.swift; path = ViewController.swift; sourceTree = "<group>"; };
		7E9ABB7F1FAE903E008EA8AE /* Base */ = {isa = PBXFileReference; lastKnownFileType = file.storyboard; name = Base; path = Base.lproj/Main.storyboard; sourceTree = "<group>"; };
		7E9ABB811FAE903E008EA8AE /* Assets.xcassets */ = {isa = PBXFileReference; lastKnownFileType = folder.assetcatalog; path = Assets.xcassets; sourceTree = "<group>"; };
		7E9ABB841FAE903E008EA8AE /* Base */ = {isa = PBXFileReference; lastKnownFileType = file.storyboard; name = Base; path = Base.lproj/LaunchScreen.storyboard; sourceTree = "<group>"; };
		7E9ABB861FAE903E008EA8AE /* Info.plist */ = {isa = PBXFileReference; lastKnownFileType = text.plist.xml; path = Info.plist; sourceTree = "<group>"; };
		7E9ABB8C1FAE916C008EA8AE /* PickerViewTableViewController.swift */ = {isa = PBXFileReference; lastKnownFileType = sourcecode.swift; path = PickerViewTableViewController.swift; sourceTree = "<group>"; };
/* End PBXFileReference section */

/* Begin PBXFrameworksBuildPhase section */
		7E9ABB741FAE903E008EA8AE /* Frameworks */ = {
			isa = PBXFrameworksBuildPhase;
			buildActionMask = 2147483647;
			files = (
			);
			runOnlyForDeploymentPostprocessing = 0;
		};
/* End PBXFrameworksBuildPhase section */

/* Begin PBXGroup section */
		7E9ABB6E1FAE903D008EA8AE = {
			isa = PBXGroup;
			children = (
				7E9ABB791FAE903E008EA8AE /* demoPickerViewTableview */,
				7E9ABB781FAE903E008EA8AE /* Products */,
			);
			sourceTree = "<group>";
		};
		7E9ABB781FAE903E008EA8AE /* Products */ = {
			isa = PBXGroup;
			children = (
				7E9ABB771FAE903E008EA8AE /* demoPickerViewTableview.app */,
			);
			name = Products;
			sourceTree = "<group>";
		};
		7E9ABB791FAE903E008EA8AE /* demoPickerViewTableview */ = {
			isa = PBXGroup;
			children = (
				7E9ABB7A1FAE903E008EA8AE /* AppDelegate.swift */,
				7E9ABB7C1FAE903E008EA8AE /* ViewController.swift */,
				7E9ABB8C1FAE916C008EA8AE /* PickerViewTableViewController.swift */,
				7E9ABB7E1FAE903E008EA8AE /* Main.storyboard */,
				7E9ABB811FAE903E008EA8AE /* Assets.xcassets */,
				7E9ABB831FAE903E008EA8AE /* LaunchScreen.storyboard */,
				7E9ABB861FAE903E008EA8AE /* Info.plist */,
			);
			path = demoPickerViewTableview;
			sourceTree = "<group>";
		};
/* End PBXGroup section */

/* Begin PBXNativeTarget section */
		7E9ABB761FAE903E008EA8AE /* demoPickerViewTableview */ = {
			isa = PBXNativeTarget;
			buildConfigurationList = 7E9ABB891FAE903E008EA8AE /* Build configuration list for PBXNativeTarget "demoPickerViewTableview" */;
			buildPhases = (
				7E9ABB731FAE903E008EA8AE /* Sources */,
				7E9ABB741FAE903E008EA8AE /* Frameworks */,
				7E9ABB751FAE903E008EA8AE /* Resources */,
			);
			buildRules = (
			);
			dependencies = (
			);
			name = demoPickerViewTableview;
			productName = demoPickerViewTableview;
			productReference = 7E9ABB771FAE903E008EA8AE /* demoPickerViewTableview.app */;
			productType = "com.apple.product-type.application";
		};
/* End PBXNativeTarget section */

/* Begin PBXProject section */
		7E9ABB6F1FAE903E008EA8AE /* Project object */ = {
			isa = PBXProject;
			attributes = {
				LastSwiftUpdateCheck = 0910;
				LastUpgradeCheck = 0910;
				ORGANIZATIONNAME = KuAnh;
				TargetAttributes = {
					7E9ABB761FAE903E008EA8AE = {
						CreatedOnToolsVersion = 9.1;
						ProvisioningStyle = Automatic;
					};
				};
			};
			buildConfigurationList = 7E9ABB721FAE903E008EA8AE /* Build configuration list for PBXProject "demoPickerViewTableview" */;
			compatibilityVersion = "Xcode 8.0";
			developmentRegion = en;
			hasScannedForEncodings = 0;
			knownRegions = (
				en,
				Base,
			);
			mainGroup = 7E9ABB6E1FAE903D008EA8AE;
			productRefGroup = 7E9ABB781FAE903E008EA8AE /* Products */;
			projectDirPath = "";
			projectRoot = "";
			targets = (
				7E9ABB761FAE903E008EA8AE /* demoPickerViewTableview */,
			);
		};
/* End PBXProject section */

/* Begin PBXResourcesBuildPhase section */
		7E9ABB751FAE903E008EA8AE /* Resources */ = {
			isa = PBXResourcesBuildPhase;
			buildActionMask = 2147483647;
			files = (
				7E9ABB851FAE903E008EA8AE /* LaunchScreen.storyboard in Resources */,
				7E9ABB821FAE903E008EA8AE /* Assets.xcassets in Resources */,
				7E9ABB801FAE903E008EA8AE /* Main.storyboard in Resources */,
			);
			runOnlyForDeploymentPostprocessing = 0;
		};
/* End PBXResourcesBuildPhase section */

/* Begin PBXSourcesBuildPhase section */
		7E9ABB731FAE903E008EA8AE /* Sources */ = {
			isa = PBXSourcesBuildPhase;
			buildActionMask = 2147483647;
			files = (
				7E9ABB7D1FAE903E008EA8AE /* ViewController.swift in Sources */,
				7E9ABB7B1FAE903E008EA8AE /* AppDelegate.swift in Sources */,
				7E9ABB8D1FAE916C008EA8AE /* PickerViewTableViewController.swift in Sources */,
			);
			runOnlyForDeploymentPostprocessing = 0;
		};
/* End PBXSourcesBuildPhase section */

/* Begin PBXVariantGroup section */
		7E9ABB7E1FAE903E008EA8AE /* Main.storyboard */ = {
			isa = PBXVariantGroup;
			children = (
				7E9ABB7F1FAE903E008EA8AE /* Base */,
			);
			name = Main.storyboard;
			sourceTree = "<group>";
		};
		7E9ABB831FAE903E008EA8AE /* LaunchScreen.storyboard */ = {
			isa = PBXVariantGroup;
			children = (
				7E9ABB841FAE903E008EA8AE /* Base */,
			);
			name = LaunchScreen.storyboard;
			sourceTree = "<group>";
		};
/* End PBXVariantGroup section */

/* Begin XCBuildConfiguration section */
		7E9ABB871FAE903E008EA8AE /* Debug */ = {
			isa = XCBuildConfiguration;
			buildSettings = {
				ALWAYS_SEARCH_USER_PATHS = NO;
				CLANG_ANALYZER_NONNULL = YES;
				CLANG_ANALYZER_NUMBER_OBJECT_CONVERSION = YES_AGGRESSIVE;
				CLANG_CXX_LANGUAGE_STANDARD = "gnu++14";
				CLANG_CXX_LIBRARY = "libc++";
				CLANG_ENABLE_MODULES = YES;
				CLANG_ENABLE_OBJC_ARC = YES;
				CLANG_WARN_BLOCK_CAPTURE_AUTORELEASING = YES;
				CLANG_WARN_BOOL_CONVERSION = YES;
				CLANG_WARN_COMMA = YES;
				CLANG_WARN_CONSTANT_CONVERSION = YES;
				CLANG_WARN_DIRECT_OBJC_ISA_USAGE = YES_ERROR;
				CLANG_WARN_DOCUMENTATION_COMMENTS = YES;
				CLANG_WARN_EMPTY_BODY = YES;
				CLANG_WARN_ENUM_CONVERSION = YES;
				CLANG_WARN_INFINITE_RECURSION = YES;
				CLANG_WARN_INT_CONVERSION = YES;
				CLANG_WARN_NON_LITERAL_NULL_CONVERSION = YES;
				CLANG_WARN_OBJC_LITERAL_CONVERSION = YES;
				CLANG_WARN_OBJC_ROOT_CLASS = YES_ERROR;
				CLANG_WARN_RANGE_LOOP_ANALYSIS = YES;
				CLANG_WARN_STRICT_PROTOTYPES = YES;
				CLANG_WARN_SUSPICIOUS_MOVE = YES;
				CLANG_WARN_UNGUARDED_AVAILABILITY = YES_AGGRESSIVE;
				CLANG_WARN_UNREACHABLE_CODE = YES;
				CLANG_WARN__DUPLICATE_METHOD_MATCH = YES;
				CODE_SIGN_IDENTITY = "iPhone Developer";
				COPY_PHASE_STRIP = NO;
				DEBUG_INFORMATION_FORMAT = dwarf;
				ENABLE_STRICT_OBJC_MSGSEND = YES;
				ENABLE_TESTABILITY = YES;
				GCC_C_LANGUAGE_STANDARD = gnu11;
				GCC_DYNAMIC_NO_PIC = NO;
				GCC_NO_COMMON_BLOCKS = YES;
				GCC_OPTIMIZATION_LEVEL = 0;
				GCC_PREPROCESSOR_DEFINITIONS = (
					"DEBUG=1",
					"$(inherited)",
				);
				GCC_WARN_64_TO_32_BIT_CONVERSION = YES;
				GCC_WARN_ABOUT_RETURN_TYPE = YES_ERROR;
				GCC_WARN_UNDECLARED_SELECTOR = YES;
				GCC_WARN_UNINITIALIZED_AUTOS = YES_AGGRESSIVE;
				GCC_WARN_UNUSED_FUNCTION = YES;
				GCC_WARN_UNUSED_VARIABLE = YES;
				IPHONEOS_DEPLOYMENT_TARGET = 11.1;
				MTL_ENABLE_DEBUG_INFO = YES;
				ONLY_ACTIVE_ARCH = YES;
				SDKROOT = iphoneos;
				SWIFT_ACTIVE_COMPILATION_CONDITIONS = DEBUG;
				SWIFT_OPTIMIZATION_LEVEL = "-Onone";
			};
			name = Debug;
		};
		7E9ABB881FAE903E008EA8AE /* Release */ = {
			isa = XCBuildConfiguration;
			buildSettings = {
				ALWAYS_SEARCH_USER_PATHS = NO;
				CLANG_ANALYZER_NONNULL = YES;
				CLANG_ANALYZER_NUMBER_OBJECT_CONVERSION = YES_AGGRESSIVE;
				CLANG_CXX_LANGUAGE_STANDARD = "gnu++14";
				CLANG_CXX_LIBRARY = "libc++";
				CLANG_ENABLE_MODULES = YES;
				CLANG_ENABLE_OBJC_ARC = YES;
				CLANG_WARN_BLOCK_CAPTURE_AUTORELEASING = YES;
				CLANG_WARN_BOOL_CONVERSION = YES;
				CLANG_WARN_COMMA = YES;
				CLANG_WARN_CONSTANT_CONVERSION = YES;
				CLANG_WARN_DIRECT_OBJC_ISA_USAGE = YES_ERROR;
				CLANG_WARN_DOCUMENTATION_COMMENTS = YES;
				CLANG_WARN_EMPTY_BODY = YES;
				CLANG_WARN_ENUM_CONVERSION = YES;
				CLANG_WARN_INFINITE_RECURSION = YES;
				CLANG_WARN_INT_CONVERSION = YES;
				CLANG_WARN_NON_LITERAL_NULL_CONVERSION = YES;
				CLANG_WARN_OBJC_LITERAL_CONVERSION = YES;
				CLANG_WARN_OBJC_ROOT_CLASS = YES_ERROR;
				CLANG_WARN_RANGE_LOOP_ANALYSIS = YES;
				CLANG_WARN_STRICT_PROTOTYPES = YES;
				CLANG_WARN_SUSPICIOUS_MOVE = YES;
				CLANG_WARN_UNGUARDED_AVAILABILITY = YES_AGGRESSIVE;
				CLANG_WARN_UNREACHABLE_CODE = YES;
				CLANG_WARN__DUPLICATE_METHOD_MATCH = YES;
				CODE_SIGN_IDENTITY = "iPhone Developer";
				COPY_PHASE_STRIP = NO;
				DEBUG_INFORMATION_FORMAT = "dwarf-with-dsym";
				ENABLE_NS_ASSERTIONS = NO;
				ENABLE_STRICT_OBJC_MSGSEND = YES;
				GCC_C_LANGUAGE_STANDARD = gnu11;
				GCC_NO_COMMON_BLOCKS = YES;
				GCC_WARN_64_TO_32_BIT_CONVERSION = YES;
				GCC_WARN_ABOUT_RETURN_TYPE = YES_ERROR;
				GCC_WARN_UNDECLARED_SELECTOR = YES;
				GCC_WARN_UNINITIALIZED_AUTOS = YES_AGGRESSIVE;
				GCC_WARN_UNUSED_FUNCTION = YES;
				GCC_WARN_UNUSED_VARIABLE = YES;
				IPHONEOS_DEPLOYMENT_TARGET = 11.1;
				MTL_ENABLE_DEBUG_INFO = NO;
				SDKROOT = iphoneos;
				SWIFT_OPTIMIZATION_LEVEL = "-Owholemodule";
				VALIDATE_PRODUCT = YES;
			};
			name = Release;
		};
		7E9ABB8A1FAE903E008EA8AE /* Debug */ = {
			isa = XCBuildConfiguration;
			buildSettings = {
				ASSETCATALOG_COMPILER_APPICON_NAME = AppIcon;
				CODE_SIGN_STYLE = Automatic;
				INFOPLIST_FILE = demoPickerViewTableview/Info.plist;
				LD_RUNPATH_SEARCH_PATHS = "$(inherited) @executable_path/Frameworks";
				PRODUCT_BUNDLE_IDENTIFIER = com.example.demoPickerViewTableview;
				PRODUCT_NAME = "$(TARGET_NAME)";
				SWIFT_VERSION = 4.0;
				TARGETED_DEVICE_FAMILY = "1,2";
			};
			name = Debug;
		};
		7E9ABB8B1FAE903E008EA8AE /* Release */ = {
			isa = XCBuildConfiguration;
			buildSettings = {
				ASSETCATALOG_COMPILER_APPICON_NAME = AppIcon;
				CODE_SIGN_STYLE = Automatic;
				INFOPLIST_FILE = demoPickerViewTableview/Info.plist;
				LD_RUNPATH_SEARCH_PATHS = "$(inherited) @executable_path/Frameworks";
				PRODUCT_BUNDLE_IDENTIFIER = com.example.demoPickerViewTableview;
				PRODUCT_NAME = "$(TARGET_NAME)";
				SWIFT_VERSION = 4.0;
				TARGETED_DEVICE_FAMILY = "1,2";
			};
			name = Release;
		};
/* End XCBuildConfiguration section */

/* Begin XCConfigurationList section */
		7E9ABB721FAE903E008EA8AE /* Build configuration list for PBXProject "demoPickerViewTableview" */ = {
			isa = XCConfigurationList;
			buildConfigurations = (
				7E9ABB871FAE903E008EA8AE /* Debug */,
				7E9ABB881FAE903E008EA8AE /* Release */,
			);
			defaultConfigurationIsVisible = 0;
			defaultConfigurationName = Release;
		};
		7E9ABB891FAE903E008EA8AE /* Build configuration list for PBXNativeTarget "demoPickerViewTableview" */ = {
			isa = XCConfigurationList;
			buildConfigurations = (
				7E9ABB8A1FAE903E008EA8AE /* Debug */,
				7E9ABB8B1FAE903E008EA8AE /* Release */,
			);
			defaultConfigurationIsVisible = 0;
			defaultConfigurationName = Release;
		};
/* End XCConfigurationList section */
	};
	rootObject = 7E9ABB6F1FAE903E008EA8AE /* Project object */;
}
