// !$*UTF8*$!
{
	archiveVersion = 1;
	classes = {
	};
	objectVersion = 48;
	objects = {

/* Begin PBXBuildFile section */
		7ECE75B51FDBD10B008A899C /* AppDelegate.swift in Sources */ = {isa = PBXBuildFile; fileRef = 7ECE75B41FDBD10B008A899C /* AppDelegate.swift */; };
		7ECE75B71FDBD10B008A899C /* ViewController.swift in Sources */ = {isa = PBXBuildFile; fileRef = 7ECE75B61FDBD10B008A899C /* ViewController.swift */; };
		7ECE75BA1FDBD10B008A899C /* Main.storyboard in Resources */ = {isa = PBXBuildFile; fileRef = 7ECE75B81FDBD10B008A899C /* Main.storyboard */; };
		7ECE75BD1FDBD10C008A899C /* DemoCoreDataSaveImage.xcdatamodeld in Sources */ = {isa = PBXBuildFile; fileRef = 7ECE75BB1FDBD10B008A899C /* DemoCoreDataSaveImage.xcdatamodeld */; };
		7ECE75BF1FDBD10C008A899C /* Assets.xcassets in Resources */ = {isa = PBXBuildFile; fileRef = 7ECE75BE1FDBD10C008A899C /* Assets.xcassets */; };
		7ECE75C21FDBD10C008A899C /* LaunchScreen.storyboard in Resources */ = {isa = PBXBuildFile; fileRef = 7ECE75C01FDBD10C008A899C /* LaunchScreen.storyboard */; };
		7ECE75CA1FDBD126008A899C /* EmployeeTableViewCell.swift in Sources */ = {isa = PBXBuildFile; fileRef = 7ECE75C91FDBD126008A899C /* EmployeeTableViewCell.swift */; };
		7ECE75CC1FDBD13A008A899C /* EmployeeTableViewController.swift in Sources */ = {isa = PBXBuildFile; fileRef = 7ECE75CB1FDBD13A008A899C /* EmployeeTableViewController.swift */; };
/* End PBXBuildFile section */

/* Begin PBXFileReference section */
		7ECE75B11FDBD10B008A899C /* DemoCoreDataSaveImage.app */ = {isa = PBXFileReference; explicitFileType = wrapper.application; includeInIndex = 0; path = DemoCoreDataSaveImage.app; sourceTree = BUILT_PRODUCTS_DIR; };
		7ECE75B41FDBD10B008A899C /* AppDelegate.swift */ = {isa = PBXFileReference; lastKnownFileType = sourcecode.swift; path = AppDelegate.swift; sourceTree = "<group>"; };
		7ECE75B61FDBD10B008A899C /* ViewController.swift */ = {isa = PBXFileReference; lastKnownFileType = sourcecode.swift; path = ViewController.swift; sourceTree = "<group>"; };
		7ECE75B91FDBD10B008A899C /* Base */ = {isa = PBXFileReference; lastKnownFileType = file.storyboard; name = Base; path = Base.lproj/Main.storyboard; sourceTree = "<group>"; };
		7ECE75BC1FDBD10B008A899C /* DemoCoreDataSaveImage.xcdatamodel */ = {isa = PBXFileReference; lastKnownFileType = wrapper.xcdatamodel; path = DemoCoreDataSaveImage.xcdatamodel; sourceTree = "<group>"; };
		7ECE75BE1FDBD10C008A899C /* Assets.xcassets */ = {isa = PBXFileReference; lastKnownFileType = folder.assetcatalog; path = Assets.xcassets; sourceTree = "<group>"; };
		7ECE75C11FDBD10C008A899C /* Base */ = {isa = PBXFileReference; lastKnownFileType = file.storyboard; name = Base; path = Base.lproj/LaunchScreen.storyboard; sourceTree = "<group>"; };
		7ECE75C31FDBD10C008A899C /* Info.plist */ = {isa = PBXFileReference; lastKnownFileType = text.plist.xml; path = Info.plist; sourceTree = "<group>"; };
		7ECE75C91FDBD126008A899C /* EmployeeTableViewCell.swift */ = {isa = PBXFileReference; lastKnownFileType = sourcecode.swift; path = EmployeeTableViewCell.swift; sourceTree = "<group>"; };
		7ECE75CB1FDBD13A008A899C /* EmployeeTableViewController.swift */ = {isa = PBXFileReference; lastKnownFileType = sourcecode.swift; path = EmployeeTableViewController.swift; sourceTree = "<group>"; };
/* End PBXFileReference section */

/* Begin PBXFrameworksBuildPhase section */
		7ECE75AE1FDBD10B008A899C /* Frameworks */ = {
			isa = PBXFrameworksBuildPhase;
			buildActionMask = 2147483647;
			files = (
			);
			runOnlyForDeploymentPostprocessing = 0;
		};
/* End PBXFrameworksBuildPhase section */

/* Begin PBXGroup section */
		7ECE75A81FDBD10B008A899C = {
			isa = PBXGroup;
			children = (
				7ECE75B31FDBD10B008A899C /* DemoCoreDataSaveImage */,
				7ECE75B21FDBD10B008A899C /* Products */,
			);
			sourceTree = "<group>";
		};
		7ECE75B21FDBD10B008A899C /* Products */ = {
			isa = PBXGroup;
			children = (
				7ECE75B11FDBD10B008A899C /* DemoCoreDataSaveImage.app */,
			);
			name = Products;
			sourceTree = "<group>";
		};
		7ECE75B31FDBD10B008A899C /* DemoCoreDataSaveImage */ = {
			isa = PBXGroup;
			children = (
				7ECE75B41FDBD10B008A899C /* AppDelegate.swift */,
				7ECE75B61FDBD10B008A899C /* ViewController.swift */,
				7ECE75C91FDBD126008A899C /* EmployeeTableViewCell.swift */,
				7ECE75CB1FDBD13A008A899C /* EmployeeTableViewController.swift */,
				7ECE75B81FDBD10B008A899C /* Main.storyboard */,
				7ECE75BE1FDBD10C008A899C /* Assets.xcassets */,
				7ECE75C01FDBD10C008A899C /* LaunchScreen.storyboard */,
				7ECE75C31FDBD10C008A899C /* Info.plist */,
				7ECE75BB1FDBD10B008A899C /* DemoCoreDataSaveImage.xcdatamodeld */,
			);
			path = DemoCoreDataSaveImage;
			sourceTree = "<group>";
		};
/* End PBXGroup section */

/* Begin PBXNativeTarget section */
		7ECE75B01FDBD10B008A899C /* DemoCoreDataSaveImage */ = {
			isa = PBXNativeTarget;
			buildConfigurationList = 7ECE75C61FDBD10C008A899C /* Build configuration list for PBXNativeTarget "DemoCoreDataSaveImage" */;
			buildPhases = (
				7ECE75AD1FDBD10B008A899C /* Sources */,
				7ECE75AE1FDBD10B008A899C /* Frameworks */,
				7ECE75AF1FDBD10B008A899C /* Resources */,
			);
			buildRules = (
			);
			dependencies = (
			);
			name = DemoCoreDataSaveImage;
			productName = DemoCoreDataSaveImage;
			productReference = 7ECE75B11FDBD10B008A899C /* DemoCoreDataSaveImage.app */;
			productType = "com.apple.product-type.application";
		};
/* End PBXNativeTarget section */

/* Begin PBXProject section */
		7ECE75A91FDBD10B008A899C /* Project object */ = {
			isa = PBXProject;
			attributes = {
				LastSwiftUpdateCheck = 0910;
				LastUpgradeCheck = 0910;
				ORGANIZATIONNAME = KuAnh;
				TargetAttributes = {
					7ECE75B01FDBD10B008A899C = {
						CreatedOnToolsVersion = 9.1;
						ProvisioningStyle = Automatic;
					};
				};
			};
			buildConfigurationList = 7ECE75AC1FDBD10B008A899C /* Build configuration list for PBXProject "DemoCoreDataSaveImage" */;
			compatibilityVersion = "Xcode 8.0";
			developmentRegion = en;
			hasScannedForEncodings = 0;
			knownRegions = (
				en,
				Base,
			);
			mainGroup = 7ECE75A81FDBD10B008A899C;
			productRefGroup = 7ECE75B21FDBD10B008A899C /* Products */;
			projectDirPath = "";
			projectRoot = "";
			targets = (
				7ECE75B01FDBD10B008A899C /* DemoCoreDataSaveImage */,
			);
		};
/* End PBXProject section */

/* Begin PBXResourcesBuildPhase section */
		7ECE75AF1FDBD10B008A899C /* Resources */ = {
			isa = PBXResourcesBuildPhase;
			buildActionMask = 2147483647;
			files = (
				7ECE75C21FDBD10C008A899C /* LaunchScreen.storyboard in Resources */,
				7ECE75BF1FDBD10C008A899C /* Assets.xcassets in Resources */,
				7ECE75BA1FDBD10B008A899C /* Main.storyboard in Resources */,
			);
			runOnlyForDeploymentPostprocessing = 0;
		};
/* End PBXResourcesBuildPhase section */

/* Begin PBXSourcesBuildPhase section */
		7ECE75AD1FDBD10B008A899C /* Sources */ = {
			isa = PBXSourcesBuildPhase;
			buildActionMask = 2147483647;
			files = (
				7ECE75BD1FDBD10C008A899C /* DemoCoreDataSaveImage.xcdatamodeld in Sources */,
				7ECE75CA1FDBD126008A899C /* EmployeeTableViewCell.swift in Sources */,
				7ECE75B71FDBD10B008A899C /* ViewController.swift in Sources */,
				7ECE75CC1FDBD13A008A899C /* EmployeeTableViewController.swift in Sources */,
				7ECE75B51FDBD10B008A899C /* AppDelegate.swift in Sources */,
			);
			runOnlyForDeploymentPostprocessing = 0;
		};
/* End PBXSourcesBuildPhase section */

/* Begin PBXVariantGroup section */
		7ECE75B81FDBD10B008A899C /* Main.storyboard */ = {
			isa = PBXVariantGroup;
			children = (
				7ECE75B91FDBD10B008A899C /* Base */,
			);
			name = Main.storyboard;
			sourceTree = "<group>";
		};
		7ECE75C01FDBD10C008A899C /* LaunchScreen.storyboard */ = {
			isa = PBXVariantGroup;
			children = (
				7ECE75C11FDBD10C008A899C /* Base */,
			);
			name = LaunchScreen.storyboard;
			sourceTree = "<group>";
		};
/* End PBXVariantGroup section */

/* Begin XCBuildConfiguration section */
		7ECE75C41FDBD10C008A899C /* Debug */ = {
			isa = XCBuildConfiguration;
			buildSettings = {
				ALWAYS_SEARCH_USER_PATHS = NO;
				CLANG_ANALYZER_NONNULL = YES;
				CLANG_ANALYZER_NUMBER_OBJECT_CONVERSION = YES_AGGRESSIVE;
				CLANG_CXX_LANGUAGE_STANDARD = "gnu++14";
				CLANG_CXX_LIBRARY = "libc++";
				CLANG_ENABLE_MODULES = YES;
				CLANG_ENABLE_OBJC_ARC = YES;
				CLANG_WARN_BLOCK_CAPTURE_AUTORELEASING = YES;
				CLANG_WARN_BOOL_CONVERSION = YES;
				CLANG_WARN_COMMA = YES;
				CLANG_WARN_CONSTANT_CONVERSION = YES;
				CLANG_WARN_DIRECT_OBJC_ISA_USAGE = YES_ERROR;
				CLANG_WARN_DOCUMENTATION_COMMENTS = YES;
				CLANG_WARN_EMPTY_BODY = YES;
				CLANG_WARN_ENUM_CONVERSION = YES;
				CLANG_WARN_INFINITE_RECURSION = YES;
				CLANG_WARN_INT_CONVERSION = YES;
				CLANG_WARN_NON_LITERAL_NULL_CONVERSION = YES;
				CLANG_WARN_OBJC_LITERAL_CONVERSION = YES;
				CLANG_WARN_OBJC_ROOT_CLASS = YES_ERROR;
				CLANG_WARN_RANGE_LOOP_ANALYSIS = YES;
				CLANG_WARN_STRICT_PROTOTYPES = YES;
				CLANG_WARN_SUSPICIOUS_MOVE = YES;
				CLANG_WARN_UNGUARDED_AVAILABILITY = YES_AGGRESSIVE;
				CLANG_WARN_UNREACHABLE_CODE = YES;
				CLANG_WARN__DUPLICATE_METHOD_MATCH = YES;
				CODE_SIGN_IDENTITY = "iPhone Developer";
				COPY_PHASE_STRIP = NO;
				DEBUG_INFORMATION_FORMAT = dwarf;
				ENABLE_STRICT_OBJC_MSGSEND = YES;
				ENABLE_TESTABILITY = YES;
				GCC_C_LANGUAGE_STANDARD = gnu11;
				GCC_DYNAMIC_NO_PIC = NO;
				GCC_NO_COMMON_BLOCKS = YES;
				GCC_OPTIMIZATION_LEVEL = 0;
				GCC_PREPROCESSOR_DEFINITIONS = (
					"DEBUG=1",
					"$(inherited)",
				);
				GCC_WARN_64_TO_32_BIT_CONVERSION = YES;
				GCC_WARN_ABOUT_RETURN_TYPE = YES_ERROR;
				GCC_WARN_UNDECLARED_SELECTOR = YES;
				GCC_WARN_UNINITIALIZED_AUTOS = YES_AGGRESSIVE;
				GCC_WARN_UNUSED_FUNCTION = YES;
				GCC_WARN_UNUSED_VARIABLE = YES;
				IPHONEOS_DEPLOYMENT_TARGET = 11.1;
				MTL_ENABLE_DEBUG_INFO = YES;
				ONLY_ACTIVE_ARCH = YES;
				SDKROOT = iphoneos;
				SWIFT_ACTIVE_COMPILATION_CONDITIONS = DEBUG;
				SWIFT_OPTIMIZATION_LEVEL = "-Onone";
			};
			name = Debug;
		};
		7ECE75C51FDBD10C008A899C /* Release */ = {
			isa = XCBuildConfiguration;
			buildSettings = {
				ALWAYS_SEARCH_USER_PATHS = NO;
				CLANG_ANALYZER_NONNULL = YES;
				CLANG_ANALYZER_NUMBER_OBJECT_CONVERSION = YES_AGGRESSIVE;
				CLANG_CXX_LANGUAGE_STANDARD = "gnu++14";
				CLANG_CXX_LIBRARY = "libc++";
				CLANG_ENABLE_MODULES = YES;
				CLANG_ENABLE_OBJC_ARC = YES;
				CLANG_WARN_BLOCK_CAPTURE_AUTORELEASING = YES;
				CLANG_WARN_BOOL_CONVERSION = YES;
				CLANG_WARN_COMMA = YES;
				CLANG_WARN_CONSTANT_CONVERSION = YES;
				CLANG_WARN_DIRECT_OBJC_ISA_USAGE = YES_ERROR;
				CLANG_WARN_DOCUMENTATION_COMMENTS = YES;
				CLANG_WARN_EMPTY_BODY = YES;
				CLANG_WARN_ENUM_CONVERSION = YES;
				CLANG_WARN_INFINITE_RECURSION = YES;
				CLANG_WARN_INT_CONVERSION = YES;
				CLANG_WARN_NON_LITERAL_NULL_CONVERSION = YES;
				CLANG_WARN_OBJC_LITERAL_CONVERSION = YES;
				CLANG_WARN_OBJC_ROOT_CLASS = YES_ERROR;
				CLANG_WARN_RANGE_LOOP_ANALYSIS = YES;
				CLANG_WARN_STRICT_PROTOTYPES = YES;
				CLANG_WARN_SUSPICIOUS_MOVE = YES;
				CLANG_WARN_UNGUARDED_AVAILABILITY = YES_AGGRESSIVE;
				CLANG_WARN_UNREACHABLE_CODE = YES;
				CLANG_WARN__DUPLICATE_METHOD_MATCH = YES;
				CODE_SIGN_IDENTITY = "iPhone Developer";
				COPY_PHASE_STRIP = NO;
				DEBUG_INFORMATION_FORMAT = "dwarf-with-dsym";
				ENABLE_NS_ASSERTIONS = NO;
				ENABLE_STRICT_OBJC_MSGSEND = YES;
				GCC_C_LANGUAGE_STANDARD = gnu11;
				GCC_NO_COMMON_BLOCKS = YES;
				GCC_WARN_64_TO_32_BIT_CONVERSION = YES;
				GCC_WARN_ABOUT_RETURN_TYPE = YES_ERROR;
				GCC_WARN_UNDECLARED_SELECTOR = YES;
				GCC_WARN_UNINITIALIZED_AUTOS = YES_AGGRESSIVE;
				GCC_WARN_UNUSED_FUNCTION = YES;
				GCC_WARN_UNUSED_VARIABLE = YES;
				IPHONEOS_DEPLOYMENT_TARGET = 11.1;
				MTL_ENABLE_DEBUG_INFO = NO;
				SDKROOT = iphoneos;
				SWIFT_OPTIMIZATION_LEVEL = "-Owholemodule";
				VALIDATE_PRODUCT = YES;
			};
			name = Release;
		};
		7ECE75C71FDBD10C008A899C /* Debug */ = {
			isa = XCBuildConfiguration;
			buildSettings = {
				ASSETCATALOG_COMPILER_APPICON_NAME = AppIcon;
				CODE_SIGN_STYLE = Automatic;
				INFOPLIST_FILE = DemoCoreDataSaveImage/Info.plist;
				LD_RUNPATH_SEARCH_PATHS = "$(inherited) @executable_path/Frameworks";
				PRODUCT_BUNDLE_IDENTIFIER = com.example.DemoCoreDataSaveImage;
				PRODUCT_NAME = "$(TARGET_NAME)";
				SWIFT_VERSION = 4.0;
				TARGETED_DEVICE_FAMILY = "1,2";
			};
			name = Debug;
		};
		7ECE75C81FDBD10C008A899C /* Release */ = {
			isa = XCBuildConfiguration;
			buildSettings = {
				ASSETCATALOG_COMPILER_APPICON_NAME = AppIcon;
				CODE_SIGN_STYLE = Automatic;
				INFOPLIST_FILE = DemoCoreDataSaveImage/Info.plist;
				LD_RUNPATH_SEARCH_PATHS = "$(inherited) @executable_path/Frameworks";
				PRODUCT_BUNDLE_IDENTIFIER = com.example.DemoCoreDataSaveImage;
				PRODUCT_NAME = "$(TARGET_NAME)";
				SWIFT_VERSION = 4.0;
				TARGETED_DEVICE_FAMILY = "1,2";
			};
			name = Release;
		};
/* End XCBuildConfiguration section */

/* Begin XCConfigurationList section */
		7ECE75AC1FDBD10B008A899C /* Build configuration list for PBXProject "DemoCoreDataSaveImage" */ = {
			isa = XCConfigurationList;
			buildConfigurations = (
				7ECE75C41FDBD10C008A899C /* Debug */,
				7ECE75C51FDBD10C008A899C /* Release */,
			);
			defaultConfigurationIsVisible = 0;
			defaultConfigurationName = Release;
		};
		7ECE75C61FDBD10C008A899C /* Build configuration list for PBXNativeTarget "DemoCoreDataSaveImage" */ = {
			isa = XCConfigurationList;
			buildConfigurations = (
				7ECE75C71FDBD10C008A899C /* Debug */,
				7ECE75C81FDBD10C008A899C /* Release */,
			);
			defaultConfigurationIsVisible = 0;
			defaultConfigurationName = Release;
		};
/* End XCConfigurationList section */

/* Begin XCVersionGroup section */
		7ECE75BB1FDBD10B008A899C /* DemoCoreDataSaveImage.xcdatamodeld */ = {
			isa = XCVersionGroup;
			children = (
				7ECE75BC1FDBD10B008A899C /* DemoCoreDataSaveImage.xcdatamodel */,
			);
			currentVersion = 7ECE75BC1FDBD10B008A899C /* DemoCoreDataSaveImage.xcdatamodel */;
			path = DemoCoreDataSaveImage.xcdatamodeld;
			sourceTree = "<group>";
			versionGroupType = wrapper.xcdatamodel;
		};
/* End XCVersionGroup section */
	};
	rootObject = 7ECE75A91FDBD10B008A899C /* Project object */;
}
