// !$*UTF8*$!
{
	archiveVersion = 1;
	classes = {
	};
	objectVersion = 48;
	objects = {

/* Begin PBXBuildFile section */
		7E4330111F8F653C004A879F /* AppDelegate.swift in Sources */ = {isa = PBXBuildFile; fileRef = 7E4330101F8F653C004A879F /* AppDelegate.swift */; };
		7E4330131F8F653C004A879F /* ViewController.swift in Sources */ = {isa = PBXBuildFile; fileRef = 7E4330121F8F653C004A879F /* ViewController.swift */; };
		7E4330161F8F653C004A879F /* Main.storyboard in Resources */ = {isa = PBXBuildFile; fileRef = 7E4330141F8F653C004A879F /* Main.storyboard */; };
		7E4330181F8F653C004A879F /* Assets.xcassets in Resources */ = {isa = PBXBuildFile; fileRef = 7E4330171F8F653C004A879F /* Assets.xcassets */; };
		7E43301B1F8F653C004A879F /* LaunchScreen.storyboard in Resources */ = {isa = PBXBuildFile; fileRef = 7E4330191F8F653C004A879F /* LaunchScreen.storyboard */; };
		7E4330231F8F66ED004A879F /* MyViewController.swift in Sources */ = {isa = PBXBuildFile; fileRef = 7E4330221F8F66ED004A879F /* MyViewController.swift */; };
		7E4330251F8F6946004A879F /* MyDataSource.swift in Sources */ = {isa = PBXBuildFile; fileRef = 7E4330241F8F6946004A879F /* MyDataSource.swift */; };
/* End PBXBuildFile section */

/* Begin PBXFileReference section */
		7E43300D1F8F653C004A879F /* RefactorDataSourceView.app */ = {isa = PBXFileReference; explicitFileType = wrapper.application; includeInIndex = 0; path = RefactorDataSourceView.app; sourceTree = BUILT_PRODUCTS_DIR; };
		7E4330101F8F653C004A879F /* AppDelegate.swift */ = {isa = PBXFileReference; lastKnownFileType = sourcecode.swift; path = AppDelegate.swift; sourceTree = "<group>"; };
		7E4330121F8F653C004A879F /* ViewController.swift */ = {isa = PBXFileReference; lastKnownFileType = sourcecode.swift; path = ViewController.swift; sourceTree = "<group>"; };
		7E4330151F8F653C004A879F /* Base */ = {isa = PBXFileReference; lastKnownFileType = file.storyboard; name = Base; path = Base.lproj/Main.storyboard; sourceTree = "<group>"; };
		7E4330171F8F653C004A879F /* Assets.xcassets */ = {isa = PBXFileReference; lastKnownFileType = folder.assetcatalog; path = Assets.xcassets; sourceTree = "<group>"; };
		7E43301A1F8F653C004A879F /* Base */ = {isa = PBXFileReference; lastKnownFileType = file.storyboard; name = Base; path = Base.lproj/LaunchScreen.storyboard; sourceTree = "<group>"; };
		7E43301C1F8F653C004A879F /* Info.plist */ = {isa = PBXFileReference; lastKnownFileType = text.plist.xml; path = Info.plist; sourceTree = "<group>"; };
		7E4330221F8F66ED004A879F /* MyViewController.swift */ = {isa = PBXFileReference; lastKnownFileType = sourcecode.swift; path = MyViewController.swift; sourceTree = "<group>"; };
		7E4330241F8F6946004A879F /* MyDataSource.swift */ = {isa = PBXFileReference; lastKnownFileType = sourcecode.swift; path = MyDataSource.swift; sourceTree = "<group>"; };
/* End PBXFileReference section */

/* Begin PBXFrameworksBuildPhase section */
		7E43300A1F8F653C004A879F /* Frameworks */ = {
			isa = PBXFrameworksBuildPhase;
			buildActionMask = 2147483647;
			files = (
			);
			runOnlyForDeploymentPostprocessing = 0;
		};
/* End PBXFrameworksBuildPhase section */

/* Begin PBXGroup section */
		7E4330041F8F653C004A879F = {
			isa = PBXGroup;
			children = (
				7E43300F1F8F653C004A879F /* RefactorDataSourceView */,
				7E43300E1F8F653C004A879F /* Products */,
			);
			sourceTree = "<group>";
		};
		7E43300E1F8F653C004A879F /* Products */ = {
			isa = PBXGroup;
			children = (
				7E43300D1F8F653C004A879F /* RefactorDataSourceView.app */,
			);
			name = Products;
			sourceTree = "<group>";
		};
		7E43300F1F8F653C004A879F /* RefactorDataSourceView */ = {
			isa = PBXGroup;
			children = (
				7E4330101F8F653C004A879F /* AppDelegate.swift */,
				7E4330121F8F653C004A879F /* ViewController.swift */,
				7E4330141F8F653C004A879F /* Main.storyboard */,
				7E4330171F8F653C004A879F /* Assets.xcassets */,
				7E4330191F8F653C004A879F /* LaunchScreen.storyboard */,
				7E43301C1F8F653C004A879F /* Info.plist */,
				7E4330221F8F66ED004A879F /* MyViewController.swift */,
				7E4330241F8F6946004A879F /* MyDataSource.swift */,
			);
			path = RefactorDataSourceView;
			sourceTree = "<group>";
		};
/* End PBXGroup section */

/* Begin PBXNativeTarget section */
		7E43300C1F8F653C004A879F /* RefactorDataSourceView */ = {
			isa = PBXNativeTarget;
			buildConfigurationList = 7E43301F1F8F653C004A879F /* Build configuration list for PBXNativeTarget "RefactorDataSourceView" */;
			buildPhases = (
				7E4330091F8F653C004A879F /* Sources */,
				7E43300A1F8F653C004A879F /* Frameworks */,
				7E43300B1F8F653C004A879F /* Resources */,
			);
			buildRules = (
			);
			dependencies = (
			);
			name = RefactorDataSourceView;
			productName = RefactorDataSourceView;
			productReference = 7E43300D1F8F653C004A879F /* RefactorDataSourceView.app */;
			productType = "com.apple.product-type.application";
		};
/* End PBXNativeTarget section */

/* Begin PBXProject section */
		7E4330051F8F653C004A879F /* Project object */ = {
			isa = PBXProject;
			attributes = {
				LastSwiftUpdateCheck = 0900;
				LastUpgradeCheck = 0900;
				ORGANIZATIONNAME = KuAnh;
				TargetAttributes = {
					7E43300C1F8F653C004A879F = {
						CreatedOnToolsVersion = 9.0;
						ProvisioningStyle = Automatic;
					};
				};
			};
			buildConfigurationList = 7E4330081F8F653C004A879F /* Build configuration list for PBXProject "RefactorDataSourceView" */;
			compatibilityVersion = "Xcode 8.0";
			developmentRegion = en;
			hasScannedForEncodings = 0;
			knownRegions = (
				en,
				Base,
			);
			mainGroup = 7E4330041F8F653C004A879F;
			productRefGroup = 7E43300E1F8F653C004A879F /* Products */;
			projectDirPath = "";
			projectRoot = "";
			targets = (
				7E43300C1F8F653C004A879F /* RefactorDataSourceView */,
			);
		};
/* End PBXProject section */

/* Begin PBXResourcesBuildPhase section */
		7E43300B1F8F653C004A879F /* Resources */ = {
			isa = PBXResourcesBuildPhase;
			buildActionMask = 2147483647;
			files = (
				7E43301B1F8F653C004A879F /* LaunchScreen.storyboard in Resources */,
				7E4330181F8F653C004A879F /* Assets.xcassets in Resources */,
				7E4330161F8F653C004A879F /* Main.storyboard in Resources */,
			);
			runOnlyForDeploymentPostprocessing = 0;
		};
/* End PBXResourcesBuildPhase section */

/* Begin PBXSourcesBuildPhase section */
		7E4330091F8F653C004A879F /* Sources */ = {
			isa = PBXSourcesBuildPhase;
			buildActionMask = 2147483647;
			files = (
				7E4330131F8F653C004A879F /* ViewController.swift in Sources */,
				7E4330231F8F66ED004A879F /* MyViewController.swift in Sources */,
				7E4330251F8F6946004A879F /* MyDataSource.swift in Sources */,
				7E4330111F8F653C004A879F /* AppDelegate.swift in Sources */,
			);
			runOnlyForDeploymentPostprocessing = 0;
		};
/* End PBXSourcesBuildPhase section */

/* Begin PBXVariantGroup section */
		7E4330141F8F653C004A879F /* Main.storyboard */ = {
			isa = PBXVariantGroup;
			children = (
				7E4330151F8F653C004A879F /* Base */,
			);
			name = Main.storyboard;
			sourceTree = "<group>";
		};
		7E4330191F8F653C004A879F /* LaunchScreen.storyboard */ = {
			isa = PBXVariantGroup;
			children = (
				7E43301A1F8F653C004A879F /* Base */,
			);
			name = LaunchScreen.storyboard;
			sourceTree = "<group>";
		};
/* End PBXVariantGroup section */

/* Begin XCBuildConfiguration section */
		7E43301D1F8F653C004A879F /* Debug */ = {
			isa = XCBuildConfiguration;
			buildSettings = {
				ALWAYS_SEARCH_USER_PATHS = NO;
				CLANG_ANALYZER_NONNULL = YES;
				CLANG_ANALYZER_NUMBER_OBJECT_CONVERSION = YES_AGGRESSIVE;
				CLANG_CXX_LANGUAGE_STANDARD = "gnu++14";
				CLANG_CXX_LIBRARY = "libc++";
				CLANG_ENABLE_MODULES = YES;
				CLANG_ENABLE_OBJC_ARC = YES;
				CLANG_WARN_BLOCK_CAPTURE_AUTORELEASING = YES;
				CLANG_WARN_BOOL_CONVERSION = YES;
				CLANG_WARN_COMMA = YES;
				CLANG_WARN_CONSTANT_CONVERSION = YES;
				CLANG_WARN_DIRECT_OBJC_ISA_USAGE = YES_ERROR;
				CLANG_WARN_DOCUMENTATION_COMMENTS = YES;
				CLANG_WARN_EMPTY_BODY = YES;
				CLANG_WARN_ENUM_CONVERSION = YES;
				CLANG_WARN_INFINITE_RECURSION = YES;
				CLANG_WARN_INT_CONVERSION = YES;
				CLANG_WARN_NON_LITERAL_NULL_CONVERSION = YES;
				CLANG_WARN_OBJC_LITERAL_CONVERSION = YES;
				CLANG_WARN_OBJC_ROOT_CLASS = YES_ERROR;
				CLANG_WARN_RANGE_LOOP_ANALYSIS = YES;
				CLANG_WARN_STRICT_PROTOTYPES = YES;
				CLANG_WARN_SUSPICIOUS_MOVE = YES;
				CLANG_WARN_UNGUARDED_AVAILABILITY = YES_AGGRESSIVE;
				CLANG_WARN_UNREACHABLE_CODE = YES;
				CLANG_WARN__DUPLICATE_METHOD_MATCH = YES;
				CODE_SIGN_IDENTITY = "iPhone Developer";
				COPY_PHASE_STRIP = NO;
				DEBUG_INFORMATION_FORMAT = dwarf;
				ENABLE_STRICT_OBJC_MSGSEND = YES;
				ENABLE_TESTABILITY = YES;
				GCC_C_LANGUAGE_STANDARD = gnu11;
				GCC_DYNAMIC_NO_PIC = NO;
				GCC_NO_COMMON_BLOCKS = YES;
				GCC_OPTIMIZATION_LEVEL = 0;
				GCC_PREPROCESSOR_DEFINITIONS = (
					"DEBUG=1",
					"$(inherited)",
				);
				GCC_WARN_64_TO_32_BIT_CONVERSION = YES;
				GCC_WARN_ABOUT_RETURN_TYPE = YES_ERROR;
				GCC_WARN_UNDECLARED_SELECTOR = YES;
				GCC_WARN_UNINITIALIZED_AUTOS = YES_AGGRESSIVE;
				GCC_WARN_UNUSED_FUNCTION = YES;
				GCC_WARN_UNUSED_VARIABLE = YES;
				IPHONEOS_DEPLOYMENT_TARGET = 11.0;
				MTL_ENABLE_DEBUG_INFO = YES;
				ONLY_ACTIVE_ARCH = YES;
				SDKROOT = iphoneos;
				SWIFT_ACTIVE_COMPILATION_CONDITIONS = DEBUG;
				SWIFT_OPTIMIZATION_LEVEL = "-Onone";
			};
			name = Debug;
		};
		7E43301E1F8F653C004A879F /* Release */ = {
			isa = XCBuildConfiguration;
			buildSettings = {
				ALWAYS_SEARCH_USER_PATHS = NO;
				CLANG_ANALYZER_NONNULL = YES;
				CLANG_ANALYZER_NUMBER_OBJECT_CONVERSION = YES_AGGRESSIVE;
				CLANG_CXX_LANGUAGE_STANDARD = "gnu++14";
				CLANG_CXX_LIBRARY = "libc++";
				CLANG_ENABLE_MODULES = YES;
				CLANG_ENABLE_OBJC_ARC = YES;
				CLANG_WARN_BLOCK_CAPTURE_AUTORELEASING = YES;
				CLANG_WARN_BOOL_CONVERSION = YES;
				CLANG_WARN_COMMA = YES;
				CLANG_WARN_CONSTANT_CONVERSION = YES;
				CLANG_WARN_DIRECT_OBJC_ISA_USAGE = YES_ERROR;
				CLANG_WARN_DOCUMENTATION_COMMENTS = YES;
				CLANG_WARN_EMPTY_BODY = YES;
				CLANG_WARN_ENUM_CONVERSION = YES;
				CLANG_WARN_INFINITE_RECURSION = YES;
				CLANG_WARN_INT_CONVERSION = YES;
				CLANG_WARN_NON_LITERAL_NULL_CONVERSION = YES;
				CLANG_WARN_OBJC_LITERAL_CONVERSION = YES;
				CLANG_WARN_OBJC_ROOT_CLASS = YES_ERROR;
				CLANG_WARN_RANGE_LOOP_ANALYSIS = YES;
				CLANG_WARN_STRICT_PROTOTYPES = YES;
				CLANG_WARN_SUSPICIOUS_MOVE = YES;
				CLANG_WARN_UNGUARDED_AVAILABILITY = YES_AGGRESSIVE;
				CLANG_WARN_UNREACHABLE_CODE = YES;
				CLANG_WARN__DUPLICATE_METHOD_MATCH = YES;
				CODE_SIGN_IDENTITY = "iPhone Developer";
				COPY_PHASE_STRIP = NO;
				DEBUG_INFORMATION_FORMAT = "dwarf-with-dsym";
				ENABLE_NS_ASSERTIONS = NO;
				ENABLE_STRICT_OBJC_MSGSEND = YES;
				GCC_C_LANGUAGE_STANDARD = gnu11;
				GCC_NO_COMMON_BLOCKS = YES;
				GCC_WARN_64_TO_32_BIT_CONVERSION = YES;
				GCC_WARN_ABOUT_RETURN_TYPE = YES_ERROR;
				GCC_WARN_UNDECLARED_SELECTOR = YES;
				GCC_WARN_UNINITIALIZED_AUTOS = YES_AGGRESSIVE;
				GCC_WARN_UNUSED_FUNCTION = YES;
				GCC_WARN_UNUSED_VARIABLE = YES;
				IPHONEOS_DEPLOYMENT_TARGET = 11.0;
				MTL_ENABLE_DEBUG_INFO = NO;
				SDKROOT = iphoneos;
				SWIFT_OPTIMIZATION_LEVEL = "-Owholemodule";
				VALIDATE_PRODUCT = YES;
			};
			name = Release;
		};
		7E4330201F8F653C004A879F /* Debug */ = {
			isa = XCBuildConfiguration;
			buildSettings = {
				ASSETCATALOG_COMPILER_APPICON_NAME = AppIcon;
				CODE_SIGN_STYLE = Automatic;
				INFOPLIST_FILE = RefactorDataSourceView/Info.plist;
				LD_RUNPATH_SEARCH_PATHS = "$(inherited) @executable_path/Frameworks";
				PRODUCT_BUNDLE_IDENTIFIER = com.example.RefactorDataSourceView;
				PRODUCT_NAME = "$(TARGET_NAME)";
				SWIFT_VERSION = 4.0;
				TARGETED_DEVICE_FAMILY = "1,2";
			};
			name = Debug;
		};
		7E4330211F8F653C004A879F /* Release */ = {
			isa = XCBuildConfiguration;
			buildSettings = {
				ASSETCATALOG_COMPILER_APPICON_NAME = AppIcon;
				CODE_SIGN_STYLE = Automatic;
				INFOPLIST_FILE = RefactorDataSourceView/Info.plist;
				LD_RUNPATH_SEARCH_PATHS = "$(inherited) @executable_path/Frameworks";
				PRODUCT_BUNDLE_IDENTIFIER = com.example.RefactorDataSourceView;
				PRODUCT_NAME = "$(TARGET_NAME)";
				SWIFT_VERSION = 4.0;
				TARGETED_DEVICE_FAMILY = "1,2";
			};
			name = Release;
		};
/* End XCBuildConfiguration section */

/* Begin XCConfigurationList section */
		7E4330081F8F653C004A879F /* Build configuration list for PBXProject "RefactorDataSourceView" */ = {
			isa = XCConfigurationList;
			buildConfigurations = (
				7E43301D1F8F653C004A879F /* Debug */,
				7E43301E1F8F653C004A879F /* Release */,
			);
			defaultConfigurationIsVisible = 0;
			defaultConfigurationName = Release;
		};
		7E43301F1F8F653C004A879F /* Build configuration list for PBXNativeTarget "RefactorDataSourceView" */ = {
			isa = XCConfigurationList;
			buildConfigurations = (
				7E4330201F8F653C004A879F /* Debug */,
				7E4330211F8F653C004A879F /* Release */,
			);
			defaultConfigurationIsVisible = 0;
			defaultConfigurationName = Release;
		};
/* End XCConfigurationList section */
	};
	rootObject = 7E4330051F8F653C004A879F /* Project object */;
}
